// !$*UTF8*$!
{
	archiveVersion = 1;
	classes = {
	};
	objectVersion = 56;
	objects = {

/* Begin PBXBuildFile section */
		A03668622A1FA98500C12C56 /* TILApp_iOSApp.swift in Sources */ = {isa = PBXBuildFile; fileRef = A03668612A1FA98500C12C56 /* TILApp_iOSApp.swift */; };
		A03668642A1FA98500C12C56 /* CounterView.swift in Sources */ = {isa = PBXBuildFile; fileRef = A03668632A1FA98500C12C56 /* CounterView.swift */; };
		A03668662A1FA98700C12C56 /* Assets.xcassets in Resources */ = {isa = PBXBuildFile; fileRef = A03668652A1FA98700C12C56 /* Assets.xcassets */; };
		A03668692A1FA98700C12C56 /* Preview Assets.xcassets in Resources */ = {isa = PBXBuildFile; fileRef = A03668682A1FA98700C12C56 /* Preview Assets.xcassets */; };
		A03668712A1FAA3800C12C56 /* ComposableArchitecture in Frameworks */ = {isa = PBXBuildFile; productRef = A03668702A1FAA3800C12C56 /* ComposableArchitecture */; };
		A03668732A1FAA5100C12C56 /* CounterFeature.swift in Sources */ = {isa = PBXBuildFile; fileRef = A03668722A1FAA5100C12C56 /* CounterFeature.swift */; };
		A03668832A207B6F00C12C56 /* CounterFeatureTests.swift in Sources */ = {isa = PBXBuildFile; fileRef = A03668822A207B6F00C12C56 /* CounterFeatureTests.swift */; };
		A03668852A20877600C12C56 /* NumberFactClient.swift in Sources */ = {isa = PBXBuildFile; fileRef = A03668842A20877600C12C56 /* NumberFactClient.swift */; };
		A036688A2A20916000C12C56 /* URLComponents+Init.swift in Sources */ = {isa = PBXBuildFile; fileRef = A03668892A20916000C12C56 /* URLComponents+Init.swift */; };
		A036688C2A20920900C12C56 /* URLRequest+Builder.swift in Sources */ = {isa = PBXBuildFile; fileRef = A036688B2A20920900C12C56 /* URLRequest+Builder.swift */; };
		A036688E2A20936E00C12C56 /* URLSession+Client.swift in Sources */ = {isa = PBXBuildFile; fileRef = A036688D2A20936E00C12C56 /* URLSession+Client.swift */; };
		A03668902A20947C00C12C56 /* JSONDecoder+Shared.swift in Sources */ = {isa = PBXBuildFile; fileRef = A036688F2A20947C00C12C56 /* JSONDecoder+Shared.swift */; };
		A03668922A2094A500C12C56 /* JSONEncoder+Shared.swift in Sources */ = {isa = PBXBuildFile; fileRef = A03668912A2094A500C12C56 /* JSONEncoder+Shared.swift */; };
		A03668962A2095AD00C12C56 /* URLRequest+Acronyms.swift in Sources */ = {isa = PBXBuildFile; fileRef = A03668952A2095AD00C12C56 /* URLRequest+Acronyms.swift */; };
		A03668992A20984800C12C56 /* AcronymsClient.swift in Sources */ = {isa = PBXBuildFile; fileRef = A03668982A20984800C12C56 /* AcronymsClient.swift */; };
		A036689E2A20D97400C12C56 /* URLComponents+Acronyms.swift in Sources */ = {isa = PBXBuildFile; fileRef = A036689D2A20D97400C12C56 /* URLComponents+Acronyms.swift */; };
		A03668A12A20D99100C12C56 /* Acronym.swift in Sources */ = {isa = PBXBuildFile; fileRef = A03668A02A20D99100C12C56 /* Acronym.swift */; };
		A03668A32A20D9B400C12C56 /* User.swift in Sources */ = {isa = PBXBuildFile; fileRef = A03668A22A20D9B400C12C56 /* User.swift */; };
		A03668A52A20DA7900C12C56 /* Category.swift in Sources */ = {isa = PBXBuildFile; fileRef = A03668A42A20DA7900C12C56 /* Category.swift */; };
		A03668A72A20E05900C12C56 /* Empty.swift in Sources */ = {isa = PBXBuildFile; fileRef = A03668A62A20E05900C12C56 /* Empty.swift */; };
		A03668AD2A20E2A800C12C56 /* RootView.swift in Sources */ = {isa = PBXBuildFile; fileRef = A03668AC2A20E2A800C12C56 /* RootView.swift */; };
		A03668AF2A20E34D00C12C56 /* Root.swift in Sources */ = {isa = PBXBuildFile; fileRef = A03668AE2A20E34D00C12C56 /* Root.swift */; };
		A03668B22A20F1FD00C12C56 /* AcronymsFeature.swift in Sources */ = {isa = PBXBuildFile; fileRef = A03668B12A20F1FD00C12C56 /* AcronymsFeature.swift */; };
		A03668B62A214C5D00C12C56 /* AcronymsView.swift in Sources */ = {isa = PBXBuildFile; fileRef = A03668B52A214C5D00C12C56 /* AcronymsView.swift */; };
		A03668BA2A22A0F200C12C56 /* UsersFeature.swift in Sources */ = {isa = PBXBuildFile; fileRef = A03668B92A22A0F200C12C56 /* UsersFeature.swift */; };
		A03668BC2A22A16C00C12C56 /* UsersClient.swift in Sources */ = {isa = PBXBuildFile; fileRef = A03668BB2A22A16C00C12C56 /* UsersClient.swift */; };
		A03668BE2A22A17700C12C56 /* URLComponents+Users.swift in Sources */ = {isa = PBXBuildFile; fileRef = A03668BD2A22A17700C12C56 /* URLComponents+Users.swift */; };
		A03668C02A22A18000C12C56 /* URLRequest+Users.swift in Sources */ = {isa = PBXBuildFile; fileRef = A03668BF2A22A18000C12C56 /* URLRequest+Users.swift */; };
		A03668C22A22A2CB00C12C56 /* UsersView.swift in Sources */ = {isa = PBXBuildFile; fileRef = A03668C12A22A2CB00C12C56 /* UsersView.swift */; };
/* End PBXBuildFile section */

/* Begin PBXContainerItemProxy section */
		A036687D2A207B4700C12C56 /* PBXContainerItemProxy */ = {
			isa = PBXContainerItemProxy;
			containerPortal = A03668562A1FA98500C12C56 /* Project object */;
			proxyType = 1;
			remoteGlobalIDString = A036685D2A1FA98500C12C56;
			remoteInfo = "TILApp-iOS";
		};
/* End PBXContainerItemProxy section */

/* Begin PBXFileReference section */
		A036685E2A1FA98500C12C56 /* TILApp-iOS.app */ = {isa = PBXFileReference; explicitFileType = wrapper.application; includeInIndex = 0; path = "TILApp-iOS.app"; sourceTree = BUILT_PRODUCTS_DIR; };
		A03668612A1FA98500C12C56 /* TILApp_iOSApp.swift */ = {isa = PBXFileReference; lastKnownFileType = sourcecode.swift; path = TILApp_iOSApp.swift; sourceTree = "<group>"; };
		A03668632A1FA98500C12C56 /* CounterView.swift */ = {isa = PBXFileReference; lastKnownFileType = sourcecode.swift; path = CounterView.swift; sourceTree = "<group>"; };
		A03668652A1FA98700C12C56 /* Assets.xcassets */ = {isa = PBXFileReference; lastKnownFileType = folder.assetcatalog; path = Assets.xcassets; sourceTree = "<group>"; };
		A03668682A1FA98700C12C56 /* Preview Assets.xcassets */ = {isa = PBXFileReference; lastKnownFileType = folder.assetcatalog; path = "Preview Assets.xcassets"; sourceTree = "<group>"; };
		A03668722A1FAA5100C12C56 /* CounterFeature.swift */ = {isa = PBXFileReference; lastKnownFileType = sourcecode.swift; path = CounterFeature.swift; sourceTree = "<group>"; };
		A03668742A1FCC3F00C12C56 /* Info.plist */ = {isa = PBXFileReference; lastKnownFileType = text.plist; path = Info.plist; sourceTree = "<group>"; };
		A03668792A207B4700C12C56 /* TILApp-iOSUnitTests.xctest */ = {isa = PBXFileReference; explicitFileType = wrapper.cfbundle; includeInIndex = 0; path = "TILApp-iOSUnitTests.xctest"; sourceTree = BUILT_PRODUCTS_DIR; };
		A03668822A207B6F00C12C56 /* CounterFeatureTests.swift */ = {isa = PBXFileReference; lastKnownFileType = sourcecode.swift; path = CounterFeatureTests.swift; sourceTree = "<group>"; };
		A03668842A20877600C12C56 /* NumberFactClient.swift */ = {isa = PBXFileReference; lastKnownFileType = sourcecode.swift; path = NumberFactClient.swift; sourceTree = "<group>"; };
		A03668892A20916000C12C56 /* URLComponents+Init.swift */ = {isa = PBXFileReference; lastKnownFileType = sourcecode.swift; path = "URLComponents+Init.swift"; sourceTree = "<group>"; };
		A036688B2A20920900C12C56 /* URLRequest+Builder.swift */ = {isa = PBXFileReference; lastKnownFileType = sourcecode.swift; path = "URLRequest+Builder.swift"; sourceTree = "<group>"; };
		A036688D2A20936E00C12C56 /* URLSession+Client.swift */ = {isa = PBXFileReference; lastKnownFileType = sourcecode.swift; path = "URLSession+Client.swift"; sourceTree = "<group>"; };
		A036688F2A20947C00C12C56 /* JSONDecoder+Shared.swift */ = {isa = PBXFileReference; lastKnownFileType = sourcecode.swift; path = "JSONDecoder+Shared.swift"; sourceTree = "<group>"; };
		A03668912A2094A500C12C56 /* JSONEncoder+Shared.swift */ = {isa = PBXFileReference; lastKnownFileType = sourcecode.swift; path = "JSONEncoder+Shared.swift"; sourceTree = "<group>"; };
		A03668952A2095AD00C12C56 /* URLRequest+Acronyms.swift */ = {isa = PBXFileReference; lastKnownFileType = sourcecode.swift; path = "URLRequest+Acronyms.swift"; sourceTree = "<group>"; };
		A03668982A20984800C12C56 /* AcronymsClient.swift */ = {isa = PBXFileReference; lastKnownFileType = sourcecode.swift; path = AcronymsClient.swift; sourceTree = "<group>"; };
		A036689D2A20D97400C12C56 /* URLComponents+Acronyms.swift */ = {isa = PBXFileReference; lastKnownFileType = sourcecode.swift; path = "URLComponents+Acronyms.swift"; sourceTree = "<group>"; };
		A03668A02A20D99100C12C56 /* Acronym.swift */ = {isa = PBXFileReference; lastKnownFileType = sourcecode.swift; path = Acronym.swift; sourceTree = "<group>"; };
		A03668A22A20D9B400C12C56 /* User.swift */ = {isa = PBXFileReference; lastKnownFileType = sourcecode.swift; path = User.swift; sourceTree = "<group>"; };
		A03668A42A20DA7900C12C56 /* Category.swift */ = {isa = PBXFileReference; lastKnownFileType = sourcecode.swift; path = Category.swift; sourceTree = "<group>"; };
		A03668A62A20E05900C12C56 /* Empty.swift */ = {isa = PBXFileReference; lastKnownFileType = sourcecode.swift; path = Empty.swift; sourceTree = "<group>"; };
		A03668AC2A20E2A800C12C56 /* RootView.swift */ = {isa = PBXFileReference; lastKnownFileType = sourcecode.swift; path = RootView.swift; sourceTree = "<group>"; };
		A03668AE2A20E34D00C12C56 /* Root.swift */ = {isa = PBXFileReference; lastKnownFileType = sourcecode.swift; path = Root.swift; sourceTree = "<group>"; };
		A03668B12A20F1FD00C12C56 /* AcronymsFeature.swift */ = {isa = PBXFileReference; lastKnownFileType = sourcecode.swift; path = AcronymsFeature.swift; sourceTree = "<group>"; };
		A03668B52A214C5D00C12C56 /* AcronymsView.swift */ = {isa = PBXFileReference; lastKnownFileType = sourcecode.swift; path = AcronymsView.swift; sourceTree = "<group>"; };
		A03668B92A22A0F200C12C56 /* UsersFeature.swift */ = {isa = PBXFileReference; lastKnownFileType = sourcecode.swift; path = UsersFeature.swift; sourceTree = "<group>"; };
		A03668BB2A22A16C00C12C56 /* UsersClient.swift */ = {isa = PBXFileReference; lastKnownFileType = sourcecode.swift; path = UsersClient.swift; sourceTree = "<group>"; };
		A03668BD2A22A17700C12C56 /* URLComponents+Users.swift */ = {isa = PBXFileReference; lastKnownFileType = sourcecode.swift; path = "URLComponents+Users.swift"; sourceTree = "<group>"; };
		A03668BF2A22A18000C12C56 /* URLRequest+Users.swift */ = {isa = PBXFileReference; lastKnownFileType = sourcecode.swift; path = "URLRequest+Users.swift"; sourceTree = "<group>"; };
		A03668C12A22A2CB00C12C56 /* UsersView.swift */ = {isa = PBXFileReference; lastKnownFileType = sourcecode.swift; path = UsersView.swift; sourceTree = "<group>"; };
/* End PBXFileReference section */

/* Begin PBXFrameworksBuildPhase section */
		A036685B2A1FA98500C12C56 /* Frameworks */ = {
			isa = PBXFrameworksBuildPhase;
			buildActionMask = 2147483647;
			files = (
				A03668712A1FAA3800C12C56 /* ComposableArchitecture in Frameworks */,
			);
			runOnlyForDeploymentPostprocessing = 0;
		};
		A03668762A207B4700C12C56 /* Frameworks */ = {
			isa = PBXFrameworksBuildPhase;
			buildActionMask = 2147483647;
			files = (
			);
			runOnlyForDeploymentPostprocessing = 0;
		};
/* End PBXFrameworksBuildPhase section */

/* Begin PBXGroup section */
		A03668552A1FA98500C12C56 = {
			isa = PBXGroup;
			children = (
				A03668602A1FA98500C12C56 /* TILApp-iOS */,
				A036687A2A207B4700C12C56 /* TILApp-iOSUnitTests */,
				A036685F2A1FA98500C12C56 /* Products */,
			);
			sourceTree = "<group>";
		};
		A036685F2A1FA98500C12C56 /* Products */ = {
			isa = PBXGroup;
			children = (
				A036685E2A1FA98500C12C56 /* TILApp-iOS.app */,
				A03668792A207B4700C12C56 /* TILApp-iOSUnitTests.xctest */,
			);
			name = Products;
			sourceTree = "<group>";
		};
		A03668602A1FA98500C12C56 /* TILApp-iOS */ = {
			isa = PBXGroup;
			children = (
				A03668A82A20E28200C12C56 /* Application */,
				A036689F2A20D98900C12C56 /* Models */,
				A03668882A20914B00C12C56 /* Networking */,
				A03668742A1FCC3F00C12C56 /* Info.plist */,
				A03668612A1FA98500C12C56 /* TILApp_iOSApp.swift */,
				A03668632A1FA98500C12C56 /* CounterView.swift */,
				A03668652A1FA98700C12C56 /* Assets.xcassets */,
				A03668672A1FA98700C12C56 /* Preview Content */,
				A03668722A1FAA5100C12C56 /* CounterFeature.swift */,
				A03668842A20877600C12C56 /* NumberFactClient.swift */,
			);
			path = "TILApp-iOS";
			sourceTree = "<group>";
		};
		A03668672A1FA98700C12C56 /* Preview Content */ = {
			isa = PBXGroup;
			children = (
				A03668682A1FA98700C12C56 /* Preview Assets.xcassets */,
			);
			path = "Preview Content";
			sourceTree = "<group>";
		};
		A036687A2A207B4700C12C56 /* TILApp-iOSUnitTests */ = {
			isa = PBXGroup;
			children = (
				A03668822A207B6F00C12C56 /* CounterFeatureTests.swift */,
			);
			path = "TILApp-iOSUnitTests";
			sourceTree = "<group>";
		};
		A03668882A20914B00C12C56 /* Networking */ = {
			isa = PBXGroup;
			children = (
				A036689C2A20D95B00C12C56 /* Requests */,
				A036689B2A20D94D00C12C56 /* Components */,
				A036689A2A20D93300C12C56 /* Clients */,
				A03668892A20916000C12C56 /* URLComponents+Init.swift */,
				A036688B2A20920900C12C56 /* URLRequest+Builder.swift */,
				A036688D2A20936E00C12C56 /* URLSession+Client.swift */,
				A036688F2A20947C00C12C56 /* JSONDecoder+Shared.swift */,
				A03668912A2094A500C12C56 /* JSONEncoder+Shared.swift */,
			);
			path = Networking;
			sourceTree = "<group>";
		};
		A036689A2A20D93300C12C56 /* Clients */ = {
			isa = PBXGroup;
			children = (
				A03668982A20984800C12C56 /* AcronymsClient.swift */,
				A03668BB2A22A16C00C12C56 /* UsersClient.swift */,
			);
			path = Clients;
			sourceTree = "<group>";
		};
		A036689B2A20D94D00C12C56 /* Components */ = {
			isa = PBXGroup;
			children = (
				A036689D2A20D97400C12C56 /* URLComponents+Acronyms.swift */,
				A03668BD2A22A17700C12C56 /* URLComponents+Users.swift */,
			);
			path = Components;
			sourceTree = "<group>";
		};
		A036689C2A20D95B00C12C56 /* Requests */ = {
			isa = PBXGroup;
			children = (
				A03668952A2095AD00C12C56 /* URLRequest+Acronyms.swift */,
				A03668BF2A22A18000C12C56 /* URLRequest+Users.swift */,
			);
			path = Requests;
			sourceTree = "<group>";
		};
		A036689F2A20D98900C12C56 /* Models */ = {
			isa = PBXGroup;
			children = (
				A03668A02A20D99100C12C56 /* Acronym.swift */,
				A03668A22A20D9B400C12C56 /* User.swift */,
				A03668A42A20DA7900C12C56 /* Category.swift */,
				A03668A62A20E05900C12C56 /* Empty.swift */,
			);
			path = Models;
			sourceTree = "<group>";
		};
		A03668A82A20E28200C12C56 /* Application */ = {
			isa = PBXGroup;
			children = (
				A03668B82A22A0E200C12C56 /* Categories */,
				A03668B72A22A0DD00C12C56 /* Users */,
				A03668B02A20F1F000C12C56 /* Acronyms */,
				A03668AB2A20E29900C12C56 /* Root */,
			);
			path = Application;
			sourceTree = "<group>";
		};
		A03668AB2A20E29900C12C56 /* Root */ = {
			isa = PBXGroup;
			children = (
				A03668AC2A20E2A800C12C56 /* RootView.swift */,
				A03668AE2A20E34D00C12C56 /* Root.swift */,
			);
			path = Root;
			sourceTree = "<group>";
		};
		A03668B02A20F1F000C12C56 /* Acronyms */ = {
			isa = PBXGroup;
			children = (
				A03668B12A20F1FD00C12C56 /* AcronymsFeature.swift */,
				A03668B52A214C5D00C12C56 /* AcronymsView.swift */,
			);
			path = Acronyms;
			sourceTree = "<group>";
		};
		A03668B72A22A0DD00C12C56 /* Users */ = {
			isa = PBXGroup;
			children = (
				A03668B92A22A0F200C12C56 /* UsersFeature.swift */,
				A03668C12A22A2CB00C12C56 /* UsersView.swift */,
			);
			path = Users;
			sourceTree = "<group>";
		};
		A03668B82A22A0E200C12C56 /* Categories */ = {
			isa = PBXGroup;
			children = (
			);
			path = Categories;
			sourceTree = "<group>";
		};
/* End PBXGroup section */

/* Begin PBXNativeTarget section */
		A036685D2A1FA98500C12C56 /* TILApp-iOS */ = {
			isa = PBXNativeTarget;
			buildConfigurationList = A036686C2A1FA98700C12C56 /* Build configuration list for PBXNativeTarget "TILApp-iOS" */;
			buildPhases = (
				A036685A2A1FA98500C12C56 /* Sources */,
				A036685B2A1FA98500C12C56 /* Frameworks */,
				A036685C2A1FA98500C12C56 /* Resources */,
			);
			buildRules = (
			);
			dependencies = (
			);
			name = "TILApp-iOS";
			packageProductDependencies = (
				A03668702A1FAA3800C12C56 /* ComposableArchitecture */,
			);
			productName = "TILApp-iOS";
			productReference = A036685E2A1FA98500C12C56 /* TILApp-iOS.app */;
			productType = "com.apple.product-type.application";
		};
		A03668782A207B4700C12C56 /* TILApp-iOSUnitTests */ = {
			isa = PBXNativeTarget;
			buildConfigurationList = A036687F2A207B4700C12C56 /* Build configuration list for PBXNativeTarget "TILApp-iOSUnitTests" */;
			buildPhases = (
				A03668752A207B4700C12C56 /* Sources */,
				A03668762A207B4700C12C56 /* Frameworks */,
				A03668772A207B4700C12C56 /* Resources */,
			);
			buildRules = (
			);
			dependencies = (
				A036687E2A207B4700C12C56 /* PBXTargetDependency */,
			);
			name = "TILApp-iOSUnitTests";
			productName = "TILApp-iOSUnitTests";
			productReference = A03668792A207B4700C12C56 /* TILApp-iOSUnitTests.xctest */;
			productType = "com.apple.product-type.bundle.unit-test";
		};
/* End PBXNativeTarget section */

/* Begin PBXProject section */
		A03668562A1FA98500C12C56 /* Project object */ = {
			isa = PBXProject;
			attributes = {
				BuildIndependentTargetsInParallel = 1;
				LastSwiftUpdateCheck = 1430;
				LastUpgradeCheck = 1430;
				TargetAttributes = {
					A036685D2A1FA98500C12C56 = {
						CreatedOnToolsVersion = 14.3;
					};
					A03668782A207B4700C12C56 = {
						CreatedOnToolsVersion = 14.3;
						LastSwiftMigration = 1430;
						TestTargetID = A036685D2A1FA98500C12C56;
					};
				};
			};
			buildConfigurationList = A03668592A1FA98500C12C56 /* Build configuration list for PBXProject "TILApp-iOS" */;
			compatibilityVersion = "Xcode 14.0";
			developmentRegion = en;
			hasScannedForEncodings = 0;
			knownRegions = (
				en,
				Base,
			);
			mainGroup = A03668552A1FA98500C12C56;
			packageReferences = (
				A036686F2A1FAA3800C12C56 /* XCRemoteSwiftPackageReference "swift-composable-architecture" */,
			);
			productRefGroup = A036685F2A1FA98500C12C56 /* Products */;
			projectDirPath = "";
			projectRoot = "";
			targets = (
				A036685D2A1FA98500C12C56 /* TILApp-iOS */,
				A03668782A207B4700C12C56 /* TILApp-iOSUnitTests */,
			);
		};
/* End PBXProject section */

/* Begin PBXResourcesBuildPhase section */
		A036685C2A1FA98500C12C56 /* Resources */ = {
			isa = PBXResourcesBuildPhase;
			buildActionMask = 2147483647;
			files = (
				A03668692A1FA98700C12C56 /* Preview Assets.xcassets in Resources */,
				A03668662A1FA98700C12C56 /* Assets.xcassets in Resources */,
			);
			runOnlyForDeploymentPostprocessing = 0;
		};
		A03668772A207B4700C12C56 /* Resources */ = {
			isa = PBXResourcesBuildPhase;
			buildActionMask = 2147483647;
			files = (
			);
			runOnlyForDeploymentPostprocessing = 0;
		};
/* End PBXResourcesBuildPhase section */

/* Begin PBXSourcesBuildPhase section */
		A036685A2A1FA98500C12C56 /* Sources */ = {
			isa = PBXSourcesBuildPhase;
			buildActionMask = 2147483647;
			files = (
				A03668B22A20F1FD00C12C56 /* AcronymsFeature.swift in Sources */,
				A03668732A1FAA5100C12C56 /* CounterFeature.swift in Sources */,
				A03668C02A22A18000C12C56 /* URLRequest+Users.swift in Sources */,
				A03668A12A20D99100C12C56 /* Acronym.swift in Sources */,
				A03668BA2A22A0F200C12C56 /* UsersFeature.swift in Sources */,
				A03668642A1FA98500C12C56 /* CounterView.swift in Sources */,
				A03668992A20984800C12C56 /* AcronymsClient.swift in Sources */,
				A03668922A2094A500C12C56 /* JSONEncoder+Shared.swift in Sources */,
				A03668A72A20E05900C12C56 /* Empty.swift in Sources */,
				A036688A2A20916000C12C56 /* URLComponents+Init.swift in Sources */,
				A03668B62A214C5D00C12C56 /* AcronymsView.swift in Sources */,
				A03668A32A20D9B400C12C56 /* User.swift in Sources */,
				A036688E2A20936E00C12C56 /* URLSession+Client.swift in Sources */,
				A03668962A2095AD00C12C56 /* URLRequest+Acronyms.swift in Sources */,
				A03668902A20947C00C12C56 /* JSONDecoder+Shared.swift in Sources */,
				A03668C22A22A2CB00C12C56 /* UsersView.swift in Sources */,
				A03668AF2A20E34D00C12C56 /* Root.swift in Sources */,
				A03668BC2A22A16C00C12C56 /* UsersClient.swift in Sources */,
				A03668BE2A22A17700C12C56 /* URLComponents+Users.swift in Sources */,
				A03668AD2A20E2A800C12C56 /* RootView.swift in Sources */,
				A036688C2A20920900C12C56 /* URLRequest+Builder.swift in Sources */,
				A03668A52A20DA7900C12C56 /* Category.swift in Sources */,
				A03668622A1FA98500C12C56 /* TILApp_iOSApp.swift in Sources */,
				A03668852A20877600C12C56 /* NumberFactClient.swift in Sources */,
				A036689E2A20D97400C12C56 /* URLComponents+Acronyms.swift in Sources */,
			);
			runOnlyForDeploymentPostprocessing = 0;
		};
		A03668752A207B4700C12C56 /* Sources */ = {
			isa = PBXSourcesBuildPhase;
			buildActionMask = 2147483647;
			files = (
				A03668832A207B6F00C12C56 /* CounterFeatureTests.swift in Sources */,
			);
			runOnlyForDeploymentPostprocessing = 0;
		};
/* End PBXSourcesBuildPhase section */

/* Begin PBXTargetDependency section */
		A036687E2A207B4700C12C56 /* PBXTargetDependency */ = {
			isa = PBXTargetDependency;
			target = A036685D2A1FA98500C12C56 /* TILApp-iOS */;
			targetProxy = A036687D2A207B4700C12C56 /* PBXContainerItemProxy */;
		};
/* End PBXTargetDependency section */

/* Begin XCBuildConfiguration section */
		A036686A2A1FA98700C12C56 /* Debug */ = {
			isa = XCBuildConfiguration;
			buildSettings = {
				ALWAYS_SEARCH_USER_PATHS = NO;
				CLANG_ANALYZER_NONNULL = YES;
				CLANG_ANALYZER_NUMBER_OBJECT_CONVERSION = YES_AGGRESSIVE;
				CLANG_CXX_LANGUAGE_STANDARD = "gnu++20";
				CLANG_ENABLE_MODULES = YES;
				CLANG_ENABLE_OBJC_ARC = YES;
				CLANG_ENABLE_OBJC_WEAK = YES;
				CLANG_WARN_BLOCK_CAPTURE_AUTORELEASING = YES;
				CLANG_WARN_BOOL_CONVERSION = YES;
				CLANG_WARN_COMMA = YES;
				CLANG_WARN_CONSTANT_CONVERSION = YES;
				CLANG_WARN_DEPRECATED_OBJC_IMPLEMENTATIONS = YES;
				CLANG_WARN_DIRECT_OBJC_ISA_USAGE = YES_ERROR;
				CLANG_WARN_DOCUMENTATION_COMMENTS = YES;
				CLANG_WARN_EMPTY_BODY = YES;
				CLANG_WARN_ENUM_CONVERSION = YES;
				CLANG_WARN_INFINITE_RECURSION = YES;
				CLANG_WARN_INT_CONVERSION = YES;
				CLANG_WARN_NON_LITERAL_NULL_CONVERSION = YES;
				CLANG_WARN_OBJC_IMPLICIT_RETAIN_SELF = YES;
				CLANG_WARN_OBJC_LITERAL_CONVERSION = YES;
				CLANG_WARN_OBJC_ROOT_CLASS = YES_ERROR;
				CLANG_WARN_QUOTED_INCLUDE_IN_FRAMEWORK_HEADER = YES;
				CLANG_WARN_RANGE_LOOP_ANALYSIS = YES;
				CLANG_WARN_STRICT_PROTOTYPES = YES;
				CLANG_WARN_SUSPICIOUS_MOVE = YES;
				CLANG_WARN_UNGUARDED_AVAILABILITY = YES_AGGRESSIVE;
				CLANG_WARN_UNREACHABLE_CODE = YES;
				CLANG_WARN__DUPLICATE_METHOD_MATCH = YES;
				COPY_PHASE_STRIP = NO;
				DEBUG_INFORMATION_FORMAT = dwarf;
				ENABLE_STRICT_OBJC_MSGSEND = YES;
				ENABLE_TESTABILITY = YES;
				GCC_C_LANGUAGE_STANDARD = gnu11;
				GCC_DYNAMIC_NO_PIC = NO;
				GCC_NO_COMMON_BLOCKS = YES;
				GCC_OPTIMIZATION_LEVEL = 0;
				GCC_PREPROCESSOR_DEFINITIONS = (
					"DEBUG=1",
					"$(inherited)",
				);
				GCC_WARN_64_TO_32_BIT_CONVERSION = YES;
				GCC_WARN_ABOUT_RETURN_TYPE = YES_ERROR;
				GCC_WARN_UNDECLARED_SELECTOR = YES;
				GCC_WARN_UNINITIALIZED_AUTOS = YES_AGGRESSIVE;
				GCC_WARN_UNUSED_FUNCTION = YES;
				GCC_WARN_UNUSED_VARIABLE = YES;
				IPHONEOS_DEPLOYMENT_TARGET = 16.4;
				MTL_ENABLE_DEBUG_INFO = INCLUDE_SOURCE;
				MTL_FAST_MATH = YES;
				ONLY_ACTIVE_ARCH = YES;
				SDKROOT = iphoneos;
				SWIFT_ACTIVE_COMPILATION_CONDITIONS = DEBUG;
				SWIFT_OPTIMIZATION_LEVEL = "-Onone";
			};
			name = Debug;
		};
		A036686B2A1FA98700C12C56 /* Release */ = {
			isa = XCBuildConfiguration;
			buildSettings = {
				ALWAYS_SEARCH_USER_PATHS = NO;
				CLANG_ANALYZER_NONNULL = YES;
				CLANG_ANALYZER_NUMBER_OBJECT_CONVERSION = YES_AGGRESSIVE;
				CLANG_CXX_LANGUAGE_STANDARD = "gnu++20";
				CLANG_ENABLE_MODULES = YES;
				CLANG_ENABLE_OBJC_ARC = YES;
				CLANG_ENABLE_OBJC_WEAK = YES;
				CLANG_WARN_BLOCK_CAPTURE_AUTORELEASING = YES;
				CLANG_WARN_BOOL_CONVERSION = YES;
				CLANG_WARN_COMMA = YES;
				CLANG_WARN_CONSTANT_CONVERSION = YES;
				CLANG_WARN_DEPRECATED_OBJC_IMPLEMENTATIONS = YES;
				CLANG_WARN_DIRECT_OBJC_ISA_USAGE = YES_ERROR;
				CLANG_WARN_DOCUMENTATION_COMMENTS = YES;
				CLANG_WARN_EMPTY_BODY = YES;
				CLANG_WARN_ENUM_CONVERSION = YES;
				CLANG_WARN_INFINITE_RECURSION = YES;
				CLANG_WARN_INT_CONVERSION = YES;
				CLANG_WARN_NON_LITERAL_NULL_CONVERSION = YES;
				CLANG_WARN_OBJC_IMPLICIT_RETAIN_SELF = YES;
				CLANG_WARN_OBJC_LITERAL_CONVERSION = YES;
				CLANG_WARN_OBJC_ROOT_CLASS = YES_ERROR;
				CLANG_WARN_QUOTED_INCLUDE_IN_FRAMEWORK_HEADER = YES;
				CLANG_WARN_RANGE_LOOP_ANALYSIS = YES;
				CLANG_WARN_STRICT_PROTOTYPES = YES;
				CLANG_WARN_SUSPICIOUS_MOVE = YES;
				CLANG_WARN_UNGUARDED_AVAILABILITY = YES_AGGRESSIVE;
				CLANG_WARN_UNREACHABLE_CODE = YES;
				CLANG_WARN__DUPLICATE_METHOD_MATCH = YES;
				COPY_PHASE_STRIP = NO;
				DEBUG_INFORMATION_FORMAT = "dwarf-with-dsym";
				ENABLE_NS_ASSERTIONS = NO;
				ENABLE_STRICT_OBJC_MSGSEND = YES;
				GCC_C_LANGUAGE_STANDARD = gnu11;
				GCC_NO_COMMON_BLOCKS = YES;
				GCC_WARN_64_TO_32_BIT_CONVERSION = YES;
				GCC_WARN_ABOUT_RETURN_TYPE = YES_ERROR;
				GCC_WARN_UNDECLARED_SELECTOR = YES;
				GCC_WARN_UNINITIALIZED_AUTOS = YES_AGGRESSIVE;
				GCC_WARN_UNUSED_FUNCTION = YES;
				GCC_WARN_UNUSED_VARIABLE = YES;
				IPHONEOS_DEPLOYMENT_TARGET = 16.4;
				MTL_ENABLE_DEBUG_INFO = NO;
				MTL_FAST_MATH = YES;
				SDKROOT = iphoneos;
				SWIFT_COMPILATION_MODE = wholemodule;
				SWIFT_OPTIMIZATION_LEVEL = "-O";
				VALIDATE_PRODUCT = YES;
			};
			name = Release;
		};
		A036686D2A1FA98700C12C56 /* Debug */ = {
			isa = XCBuildConfiguration;
			buildSettings = {
				ASSETCATALOG_COMPILER_APPICON_NAME = AppIcon;
				ASSETCATALOG_COMPILER_GLOBAL_ACCENT_COLOR_NAME = AccentColor;
				CODE_SIGN_STYLE = Automatic;
				CURRENT_PROJECT_VERSION = 1;
				DEVELOPMENT_ASSET_PATHS = "\"TILApp-iOS/Preview Content\"";
				DEVELOPMENT_TEAM = 7KN966P9LP;
				ENABLE_PREVIEWS = YES;
				GENERATE_INFOPLIST_FILE = YES;
				INFOPLIST_FILE = "TILApp-iOS/Info.plist";
				INFOPLIST_KEY_UIApplicationSceneManifest_Generation = YES;
				INFOPLIST_KEY_UIApplicationSupportsIndirectInputEvents = YES;
				INFOPLIST_KEY_UILaunchScreen_Generation = YES;
				INFOPLIST_KEY_UISupportedInterfaceOrientations_iPad = "UIInterfaceOrientationPortrait UIInterfaceOrientationPortraitUpsideDown UIInterfaceOrientationLandscapeLeft UIInterfaceOrientationLandscapeRight";
				INFOPLIST_KEY_UISupportedInterfaceOrientations_iPhone = "UIInterfaceOrientationPortrait UIInterfaceOrientationLandscapeLeft UIInterfaceOrientationLandscapeRight";
				LD_RUNPATH_SEARCH_PATHS = (
					"$(inherited)",
					"@executable_path/Frameworks",
				);
				MARKETING_VERSION = 1.0;
				PRODUCT_BUNDLE_IDENTIFIER = "com.verticalcoding.TILApp-iOS";
				PRODUCT_NAME = "$(TARGET_NAME)";
				SWIFT_EMIT_LOC_STRINGS = YES;
				SWIFT_VERSION = 5.0;
				TARGETED_DEVICE_FAMILY = "1,2";
			};
			name = Debug;
		};
		A036686E2A1FA98700C12C56 /* Release */ = {
			isa = XCBuildConfiguration;
			buildSettings = {
				ASSETCATALOG_COMPILER_APPICON_NAME = AppIcon;
				ASSETCATALOG_COMPILER_GLOBAL_ACCENT_COLOR_NAME = AccentColor;
				CODE_SIGN_STYLE = Automatic;
				CURRENT_PROJECT_VERSION = 1;
				DEVELOPMENT_ASSET_PATHS = "\"TILApp-iOS/Preview Content\"";
				DEVELOPMENT_TEAM = 7KN966P9LP;
				ENABLE_PREVIEWS = YES;
				GENERATE_INFOPLIST_FILE = YES;
				INFOPLIST_FILE = "TILApp-iOS/Info.plist";
				INFOPLIST_KEY_UIApplicationSceneManifest_Generation = YES;
				INFOPLIST_KEY_UIApplicationSupportsIndirectInputEvents = YES;
				INFOPLIST_KEY_UILaunchScreen_Generation = YES;
				INFOPLIST_KEY_UISupportedInterfaceOrientations_iPad = "UIInterfaceOrientationPortrait UIInterfaceOrientationPortraitUpsideDown UIInterfaceOrientationLandscapeLeft UIInterfaceOrientationLandscapeRight";
				INFOPLIST_KEY_UISupportedInterfaceOrientations_iPhone = "UIInterfaceOrientationPortrait UIInterfaceOrientationLandscapeLeft UIInterfaceOrientationLandscapeRight";
				LD_RUNPATH_SEARCH_PATHS = (
					"$(inherited)",
					"@executable_path/Frameworks",
				);
				MARKETING_VERSION = 1.0;
				PRODUCT_BUNDLE_IDENTIFIER = "com.verticalcoding.TILApp-iOS";
				PRODUCT_NAME = "$(TARGET_NAME)";
				SWIFT_EMIT_LOC_STRINGS = YES;
				SWIFT_VERSION = 5.0;
				TARGETED_DEVICE_FAMILY = "1,2";
			};
			name = Release;
		};
		A03668802A207B4700C12C56 /* Debug */ = {
			isa = XCBuildConfiguration;
			buildSettings = {
				BUNDLE_LOADER = "$(TEST_HOST)";
				CLANG_ENABLE_MODULES = YES;
				CODE_SIGN_STYLE = Automatic;
				CURRENT_PROJECT_VERSION = 1;
				DEVELOPMENT_TEAM = 7KN966P9LP;
				GENERATE_INFOPLIST_FILE = YES;
				IPHONEOS_DEPLOYMENT_TARGET = 16.4;
				MACOSX_DEPLOYMENT_TARGET = 13.3;
				MARKETING_VERSION = 1.0;
				PRODUCT_BUNDLE_IDENTIFIER = "com.verticalcoding.TILApp-iOSUnitTests";
				PRODUCT_NAME = "$(TARGET_NAME)";
				SDKROOT = auto;
				SUPPORTED_PLATFORMS = "iphoneos iphonesimulator macosx";
				SWIFT_EMIT_LOC_STRINGS = NO;
				SWIFT_OPTIMIZATION_LEVEL = "-Onone";
				SWIFT_VERSION = 5.0;
				TARGETED_DEVICE_FAMILY = "1,2";
				TEST_HOST = "$(BUILT_PRODUCTS_DIR)/TILApp-iOS.app/$(BUNDLE_EXECUTABLE_FOLDER_PATH)/TILApp-iOS";
			};
			name = Debug;
		};
		A03668812A207B4700C12C56 /* Release */ = {
			isa = XCBuildConfiguration;
			buildSettings = {
				BUNDLE_LOADER = "$(TEST_HOST)";
				CLANG_ENABLE_MODULES = YES;
				CODE_SIGN_STYLE = Automatic;
				CURRENT_PROJECT_VERSION = 1;
				DEVELOPMENT_TEAM = 7KN966P9LP;
				GENERATE_INFOPLIST_FILE = YES;
				IPHONEOS_DEPLOYMENT_TARGET = 16.4;
				MACOSX_DEPLOYMENT_TARGET = 13.3;
				MARKETING_VERSION = 1.0;
				PRODUCT_BUNDLE_IDENTIFIER = "com.verticalcoding.TILApp-iOSUnitTests";
				PRODUCT_NAME = "$(TARGET_NAME)";
				SDKROOT = auto;
				SUPPORTED_PLATFORMS = "iphoneos iphonesimulator macosx";
				SWIFT_EMIT_LOC_STRINGS = NO;
				SWIFT_VERSION = 5.0;
				TARGETED_DEVICE_FAMILY = "1,2";
				TEST_HOST = "$(BUILT_PRODUCTS_DIR)/TILApp-iOS.app/$(BUNDLE_EXECUTABLE_FOLDER_PATH)/TILApp-iOS";
			};
			name = Release;
		};
/* End XCBuildConfiguration section */

/* Begin XCConfigurationList section */
		A03668592A1FA98500C12C56 /* Build configuration list for PBXProject "TILApp-iOS" */ = {
			isa = XCConfigurationList;
			buildConfigurations = (
				A036686A2A1FA98700C12C56 /* Debug */,
				A036686B2A1FA98700C12C56 /* Release */,
			);
			defaultConfigurationIsVisible = 0;
			defaultConfigurationName = Release;
		};
		A036686C2A1FA98700C12C56 /* Build configuration list for PBXNativeTarget "TILApp-iOS" */ = {
			isa = XCConfigurationList;
			buildConfigurations = (
				A036686D2A1FA98700C12C56 /* Debug */,
				A036686E2A1FA98700C12C56 /* Release */,
			);
			defaultConfigurationIsVisible = 0;
			defaultConfigurationName = Release;
		};
		A036687F2A207B4700C12C56 /* Build configuration list for PBXNativeTarget "TILApp-iOSUnitTests" */ = {
			isa = XCConfigurationList;
			buildConfigurations = (
				A03668802A207B4700C12C56 /* Debug */,
				A03668812A207B4700C12C56 /* Release */,
			);
			defaultConfigurationIsVisible = 0;
			defaultConfigurationName = Release;
		};
/* End XCConfigurationList section */

/* Begin XCRemoteSwiftPackageReference section */
		A036686F2A1FAA3800C12C56 /* XCRemoteSwiftPackageReference "swift-composable-architecture" */ = {
			isa = XCRemoteSwiftPackageReference;
			repositoryURL = "https://github.com/pointfreeco/swift-composable-architecture";
			requirement = {
				kind = upToNextMajorVersion;
				minimumVersion = 0.53.2;
			};
		};
/* End XCRemoteSwiftPackageReference section */

/* Begin XCSwiftPackageProductDependency section */
		A03668702A1FAA3800C12C56 /* ComposableArchitecture */ = {
			isa = XCSwiftPackageProductDependency;
			package = A036686F2A1FAA3800C12C56 /* XCRemoteSwiftPackageReference "swift-composable-architecture" */;
			productName = ComposableArchitecture;
		};
/* End XCSwiftPackageProductDependency section */
	};
	rootObject = A03668562A1FA98500C12C56 /* Project object */;
}
