// !$*UTF8*$!
{
	archiveVersion = 1;
	classes = {
	};
	objectVersion = 56;
	objects = {

/* Begin PBXBuildFile section */
		A03668712A1FAA3800C12C56 /* ComposableArchitecture in Frameworks */ = {isa = PBXBuildFile; productRef = A03668702A1FAA3800C12C56 /* ComposableArchitecture */; };
		A04804D72A38AFB6002C472A /* ImageUploadData.swift in Sources */ = {isa = PBXBuildFile; fileRef = A04804D62A38AFB6002C472A /* ImageUploadData.swift */; };
		A04804DA2A38B636002C472A /* AddUserProfilePictureView.swift in Sources */ = {isa = PBXBuildFile; fileRef = A04804D92A38B636002C472A /* AddUserProfilePictureView.swift */; };
		A04804DC2A38B647002C472A /* AddUserProfilePictureFeature.swift in Sources */ = {isa = PBXBuildFile; fileRef = A04804DB2A38B647002C472A /* AddUserProfilePictureFeature.swift */; };
		A06043582A346EB0002CB3C4 /* SignInWithAppleToken.swift in Sources */ = {isa = PBXBuildFile; fileRef = A06043572A346EB0002CB3C4 /* SignInWithAppleToken.swift */; };
		A060435B2A347644002CB3C4 /* Logger.swift in Sources */ = {isa = PBXBuildFile; fileRef = A060435A2A347644002CB3C4 /* Logger.swift */; };
		A09D4E232A33193E00A33101 /* ErrorModifier.swift in Sources */ = {isa = PBXBuildFile; fileRef = A09D4E222A33193E00A33101 /* ErrorModifier.swift */; };
		A09D4E252A33194B00A33101 /* LoadingModifier.swift in Sources */ = {isa = PBXBuildFile; fileRef = A09D4E242A33194B00A33101 /* LoadingModifier.swift */; };
		A0D2F19C2A2EF8400013F60C /* Menus.swift in Sources */ = {isa = PBXBuildFile; fileRef = A0D2F19B2A2EF8400013F60C /* Menus.swift */; };
		A0D2F19E2A2F8EFA0013F60C /* UsersViewMac.swift in Sources */ = {isa = PBXBuildFile; fileRef = A0D2F19D2A2F8EFA0013F60C /* UsersViewMac.swift */; };
		A0D2F1A02A2F91430013F60C /* CategoriesViewMac.swift in Sources */ = {isa = PBXBuildFile; fileRef = A0D2F19F2A2F91430013F60C /* CategoriesViewMac.swift */; };
		A0EBEFCA2A2C7E2F008B6755 /* UsersClient.swift in Sources */ = {isa = PBXBuildFile; fileRef = A0EBEF912A2C7E2F008B6755 /* UsersClient.swift */; };
		A0EBEFCB2A2C7E2F008B6755 /* CategoriesClient.swift in Sources */ = {isa = PBXBuildFile; fileRef = A0EBEF922A2C7E2F008B6755 /* CategoriesClient.swift */; };
		A0EBEFCC2A2C7E2F008B6755 /* AcronymsClient.swift in Sources */ = {isa = PBXBuildFile; fileRef = A0EBEF932A2C7E2F008B6755 /* AcronymsClient.swift */; };
		A0EBEFCD2A2C7E2F008B6755 /* URLComponents+Init.swift in Sources */ = {isa = PBXBuildFile; fileRef = A0EBEF942A2C7E2F008B6755 /* URLComponents+Init.swift */; };
		A0EBEFCE2A2C7E2F008B6755 /* URLRequest+Categories.swift in Sources */ = {isa = PBXBuildFile; fileRef = A0EBEF962A2C7E2F008B6755 /* URLRequest+Categories.swift */; };
		A0EBEFCF2A2C7E2F008B6755 /* URLRequest+Users.swift in Sources */ = {isa = PBXBuildFile; fileRef = A0EBEF972A2C7E2F008B6755 /* URLRequest+Users.swift */; };
		A0EBEFD02A2C7E2F008B6755 /* URLRequest+Acronyms.swift in Sources */ = {isa = PBXBuildFile; fileRef = A0EBEF982A2C7E2F008B6755 /* URLRequest+Acronyms.swift */; };
		A0EBEFD12A2C7E2F008B6755 /* URLComponents+Categories.swift in Sources */ = {isa = PBXBuildFile; fileRef = A0EBEF9A2A2C7E2F008B6755 /* URLComponents+Categories.swift */; };
		A0EBEFD22A2C7E2F008B6755 /* URLComponents+Users.swift in Sources */ = {isa = PBXBuildFile; fileRef = A0EBEF9B2A2C7E2F008B6755 /* URLComponents+Users.swift */; };
		A0EBEFD32A2C7E2F008B6755 /* URLComponents+Acronyms.swift in Sources */ = {isa = PBXBuildFile; fileRef = A0EBEF9C2A2C7E2F008B6755 /* URLComponents+Acronyms.swift */; };
		A0EBEFD42A2C7E2F008B6755 /* URLSession+Client.swift in Sources */ = {isa = PBXBuildFile; fileRef = A0EBEF9D2A2C7E2F008B6755 /* URLSession+Client.swift */; };
		A0EBEFD52A2C7E2F008B6755 /* JSONEncoder+Shared.swift in Sources */ = {isa = PBXBuildFile; fileRef = A0EBEF9E2A2C7E2F008B6755 /* JSONEncoder+Shared.swift */; };
		A0EBEFD62A2C7E2F008B6755 /* URLRequest+Builder.swift in Sources */ = {isa = PBXBuildFile; fileRef = A0EBEF9F2A2C7E2F008B6755 /* URLRequest+Builder.swift */; };
		A0EBEFD72A2C7E2F008B6755 /* JSONDecoder+Shared.swift in Sources */ = {isa = PBXBuildFile; fileRef = A0EBEFA02A2C7E2F008B6755 /* JSONDecoder+Shared.swift */; };
		A0EBEFD82A2C7E2F008B6755 /* Assets.xcassets in Resources */ = {isa = PBXBuildFile; fileRef = A0EBEFA12A2C7E2F008B6755 /* Assets.xcassets */; };
		A0EBEFD92A2C7E2F008B6755 /* Auth.swift in Sources */ = {isa = PBXBuildFile; fileRef = A0EBEFA32A2C7E2F008B6755 /* Auth.swift */; };
		A0EBEFDA2A2C7E2F008B6755 /* Keychain.swift in Sources */ = {isa = PBXBuildFile; fileRef = A0EBEFA42A2C7E2F008B6755 /* Keychain.swift */; };
		A0EBEFDB2A2C7E2F008B6755 /* URL+Extensions.swift in Sources */ = {isa = PBXBuildFile; fileRef = A0EBEFA52A2C7E2F008B6755 /* URL+Extensions.swift */; };
		A0EBEFDC2A2C7E2F008B6755 /* Acronym.swift in Sources */ = {isa = PBXBuildFile; fileRef = A0EBEFA72A2C7E2F008B6755 /* Acronym.swift */; };
		A0EBEFDD2A2C7E2F008B6755 /* Empty.swift in Sources */ = {isa = PBXBuildFile; fileRef = A0EBEFA82A2C7E2F008B6755 /* Empty.swift */; };
		A0EBEFDE2A2C7E2F008B6755 /* User.swift in Sources */ = {isa = PBXBuildFile; fileRef = A0EBEFA92A2C7E2F008B6755 /* User.swift */; };
		A0EBEFDF2A2C7E2F008B6755 /* LoginData.swift in Sources */ = {isa = PBXBuildFile; fileRef = A0EBEFAA2A2C7E2F008B6755 /* LoginData.swift */; };
		A0EBEFE02A2C7E2F008B6755 /* Category.swift in Sources */ = {isa = PBXBuildFile; fileRef = A0EBEFAB2A2C7E2F008B6755 /* Category.swift */; };
		A0EBEFE12A2C7E2F008B6755 /* Token.swift in Sources */ = {isa = PBXBuildFile; fileRef = A0EBEFAC2A2C7E2F008B6755 /* Token.swift */; };
		A0EBEFE22A2C7E2F008B6755 /* Preview Assets.xcassets in Resources */ = {isa = PBXBuildFile; fileRef = A0EBEFAE2A2C7E2F008B6755 /* Preview Assets.xcassets */; };
		A0EBEFE32A2C7E2F008B6755 /* TILApp.swift in Sources */ = {isa = PBXBuildFile; fileRef = A0EBEFAF2A2C7E2F008B6755 /* TILApp.swift */; };
		A0EBEFE42A2C7E2F008B6755 /* UserFeature.swift in Sources */ = {isa = PBXBuildFile; fileRef = A0EBEFB32A2C7E2F008B6755 /* UserFeature.swift */; };
		A0EBEFE52A2C7E2F008B6755 /* UserForm.swift in Sources */ = {isa = PBXBuildFile; fileRef = A0EBEFB42A2C7E2F008B6755 /* UserForm.swift */; };
		A0EBEFE62A2C7E2F008B6755 /* UsersView.swift in Sources */ = {isa = PBXBuildFile; fileRef = A0EBEFB52A2C7E2F008B6755 /* UsersView.swift */; };
		A0EBEFE72A2C7E2F008B6755 /* UsersFeature.swift in Sources */ = {isa = PBXBuildFile; fileRef = A0EBEFB62A2C7E2F008B6755 /* UsersFeature.swift */; };
		A0EBEFE82A2C7E2F008B6755 /* Root.swift in Sources */ = {isa = PBXBuildFile; fileRef = A0EBEFB82A2C7E2F008B6755 /* Root.swift */; };
		A0EBEFE92A2C7E2F008B6755 /* RootView.swift in Sources */ = {isa = PBXBuildFile; fileRef = A0EBEFB92A2C7E2F008B6755 /* RootView.swift */; };
		A0EBEFEA2A2C7E2F008B6755 /* AcronymsFeature.swift in Sources */ = {isa = PBXBuildFile; fileRef = A0EBEFBB2A2C7E2F008B6755 /* AcronymsFeature.swift */; };
		A0EBEFEB2A2C7E2F008B6755 /* AcronymsView.swift in Sources */ = {isa = PBXBuildFile; fileRef = A0EBEFBC2A2C7E2F008B6755 /* AcronymsView.swift */; };
		A0EBEFEC2A2C7E2F008B6755 /* AcronymFeature.swift in Sources */ = {isa = PBXBuildFile; fileRef = A0EBEFBE2A2C7E2F008B6755 /* AcronymFeature.swift */; };
		A0EBEFED2A2C7E2F008B6755 /* AcronymForm.swift in Sources */ = {isa = PBXBuildFile; fileRef = A0EBEFBF2A2C7E2F008B6755 /* AcronymForm.swift */; };
		A0EBEFEE2A2C7E2F008B6755 /* CategoriesView.swift in Sources */ = {isa = PBXBuildFile; fileRef = A0EBEFC12A2C7E2F008B6755 /* CategoriesView.swift */; };
		A0EBEFEF2A2C7E2F008B6755 /* CategoryFeature.swift in Sources */ = {isa = PBXBuildFile; fileRef = A0EBEFC32A2C7E2F008B6755 /* CategoryFeature.swift */; };
		A0EBEFF02A2C7E2F008B6755 /* CategoryForm.swift in Sources */ = {isa = PBXBuildFile; fileRef = A0EBEFC42A2C7E2F008B6755 /* CategoryForm.swift */; };
		A0EBEFF12A2C7E2F008B6755 /* CategoriesFeature.swift in Sources */ = {isa = PBXBuildFile; fileRef = A0EBEFC52A2C7E2F008B6755 /* CategoriesFeature.swift */; };
		A0EBEFF22A2C7E2F008B6755 /* LoginView.swift in Sources */ = {isa = PBXBuildFile; fileRef = A0EBEFC72A2C7E2F008B6755 /* LoginView.swift */; };
		A0EBEFF32A2C7E2F008B6755 /* LoginFeature.swift in Sources */ = {isa = PBXBuildFile; fileRef = A0EBEFC82A2C7E2F008B6755 /* LoginFeature.swift */; };
		A0EBEFF82A2DB8CB008B6755 /* AcronymsViewMac.swift in Sources */ = {isa = PBXBuildFile; fileRef = A0EBEFF72A2DB8CB008B6755 /* AcronymsViewMac.swift */; };
/* End PBXBuildFile section */

/* Begin PBXContainerItemProxy section */
		A036687D2A207B4700C12C56 /* PBXContainerItemProxy */ = {
			isa = PBXContainerItemProxy;
			containerPortal = A03668562A1FA98500C12C56 /* Project object */;
			proxyType = 1;
			remoteGlobalIDString = A036685D2A1FA98500C12C56;
			remoteInfo = "TILApp-iOS";
		};
/* End PBXContainerItemProxy section */

/* Begin PBXFileReference section */
		A036685E2A1FA98500C12C56 /* TILApp.app */ = {isa = PBXFileReference; explicitFileType = wrapper.application; includeInIndex = 0; path = TILApp.app; sourceTree = BUILT_PRODUCTS_DIR; };
		A03668792A207B4700C12C56 /* TILAppUnitTests.xctest */ = {isa = PBXFileReference; explicitFileType = wrapper.cfbundle; includeInIndex = 0; path = TILAppUnitTests.xctest; sourceTree = BUILT_PRODUCTS_DIR; };
		A04804D62A38AFB6002C472A /* ImageUploadData.swift */ = {isa = PBXFileReference; lastKnownFileType = sourcecode.swift; path = ImageUploadData.swift; sourceTree = "<group>"; };
		A04804D92A38B636002C472A /* AddUserProfilePictureView.swift */ = {isa = PBXFileReference; lastKnownFileType = sourcecode.swift; path = AddUserProfilePictureView.swift; sourceTree = "<group>"; };
		A04804DB2A38B647002C472A /* AddUserProfilePictureFeature.swift */ = {isa = PBXFileReference; lastKnownFileType = sourcecode.swift; path = AddUserProfilePictureFeature.swift; sourceTree = "<group>"; };
		A06043572A346EB0002CB3C4 /* SignInWithAppleToken.swift */ = {isa = PBXFileReference; lastKnownFileType = sourcecode.swift; path = SignInWithAppleToken.swift; sourceTree = "<group>"; };
		A06043592A3470D0002CB3C4 /* TILApp.entitlements */ = {isa = PBXFileReference; lastKnownFileType = text.plist.entitlements; path = TILApp.entitlements; sourceTree = "<group>"; };
		A060435A2A347644002CB3C4 /* Logger.swift */ = {isa = PBXFileReference; lastKnownFileType = sourcecode.swift; path = Logger.swift; sourceTree = "<group>"; };
		A09D4E222A33193E00A33101 /* ErrorModifier.swift */ = {isa = PBXFileReference; lastKnownFileType = sourcecode.swift; path = ErrorModifier.swift; sourceTree = "<group>"; };
		A09D4E242A33194B00A33101 /* LoadingModifier.swift */ = {isa = PBXFileReference; lastKnownFileType = sourcecode.swift; path = LoadingModifier.swift; sourceTree = "<group>"; };
		A0D2F19B2A2EF8400013F60C /* Menus.swift */ = {isa = PBXFileReference; lastKnownFileType = sourcecode.swift; path = Menus.swift; sourceTree = "<group>"; };
		A0D2F19D2A2F8EFA0013F60C /* UsersViewMac.swift */ = {isa = PBXFileReference; lastKnownFileType = sourcecode.swift; path = UsersViewMac.swift; sourceTree = "<group>"; };
		A0D2F19F2A2F91430013F60C /* CategoriesViewMac.swift */ = {isa = PBXFileReference; lastKnownFileType = sourcecode.swift; path = CategoriesViewMac.swift; sourceTree = "<group>"; };
		A0EBEF912A2C7E2F008B6755 /* UsersClient.swift */ = {isa = PBXFileReference; fileEncoding = 4; lastKnownFileType = sourcecode.swift; path = UsersClient.swift; sourceTree = "<group>"; };
		A0EBEF922A2C7E2F008B6755 /* CategoriesClient.swift */ = {isa = PBXFileReference; fileEncoding = 4; lastKnownFileType = sourcecode.swift; path = CategoriesClient.swift; sourceTree = "<group>"; };
		A0EBEF932A2C7E2F008B6755 /* AcronymsClient.swift */ = {isa = PBXFileReference; fileEncoding = 4; lastKnownFileType = sourcecode.swift; path = AcronymsClient.swift; sourceTree = "<group>"; };
		A0EBEF942A2C7E2F008B6755 /* URLComponents+Init.swift */ = {isa = PBXFileReference; fileEncoding = 4; lastKnownFileType = sourcecode.swift; path = "URLComponents+Init.swift"; sourceTree = "<group>"; };
		A0EBEF962A2C7E2F008B6755 /* URLRequest+Categories.swift */ = {isa = PBXFileReference; fileEncoding = 4; lastKnownFileType = sourcecode.swift; path = "URLRequest+Categories.swift"; sourceTree = "<group>"; };
		A0EBEF972A2C7E2F008B6755 /* URLRequest+Users.swift */ = {isa = PBXFileReference; fileEncoding = 4; lastKnownFileType = sourcecode.swift; path = "URLRequest+Users.swift"; sourceTree = "<group>"; };
		A0EBEF982A2C7E2F008B6755 /* URLRequest+Acronyms.swift */ = {isa = PBXFileReference; fileEncoding = 4; lastKnownFileType = sourcecode.swift; path = "URLRequest+Acronyms.swift"; sourceTree = "<group>"; };
		A0EBEF9A2A2C7E2F008B6755 /* URLComponents+Categories.swift */ = {isa = PBXFileReference; fileEncoding = 4; lastKnownFileType = sourcecode.swift; path = "URLComponents+Categories.swift"; sourceTree = "<group>"; };
		A0EBEF9B2A2C7E2F008B6755 /* URLComponents+Users.swift */ = {isa = PBXFileReference; fileEncoding = 4; lastKnownFileType = sourcecode.swift; path = "URLComponents+Users.swift"; sourceTree = "<group>"; };
		A0EBEF9C2A2C7E2F008B6755 /* URLComponents+Acronyms.swift */ = {isa = PBXFileReference; fileEncoding = 4; lastKnownFileType = sourcecode.swift; path = "URLComponents+Acronyms.swift"; sourceTree = "<group>"; };
		A0EBEF9D2A2C7E2F008B6755 /* URLSession+Client.swift */ = {isa = PBXFileReference; fileEncoding = 4; lastKnownFileType = sourcecode.swift; path = "URLSession+Client.swift"; sourceTree = "<group>"; };
		A0EBEF9E2A2C7E2F008B6755 /* JSONEncoder+Shared.swift */ = {isa = PBXFileReference; fileEncoding = 4; lastKnownFileType = sourcecode.swift; path = "JSONEncoder+Shared.swift"; sourceTree = "<group>"; };
		A0EBEF9F2A2C7E2F008B6755 /* URLRequest+Builder.swift */ = {isa = PBXFileReference; fileEncoding = 4; lastKnownFileType = sourcecode.swift; path = "URLRequest+Builder.swift"; sourceTree = "<group>"; };
		A0EBEFA02A2C7E2F008B6755 /* JSONDecoder+Shared.swift */ = {isa = PBXFileReference; fileEncoding = 4; lastKnownFileType = sourcecode.swift; path = "JSONDecoder+Shared.swift"; sourceTree = "<group>"; };
		A0EBEFA12A2C7E2F008B6755 /* Assets.xcassets */ = {isa = PBXFileReference; lastKnownFileType = folder.assetcatalog; path = Assets.xcassets; sourceTree = "<group>"; };
		A0EBEFA32A2C7E2F008B6755 /* Auth.swift */ = {isa = PBXFileReference; fileEncoding = 4; lastKnownFileType = sourcecode.swift; path = Auth.swift; sourceTree = "<group>"; };
		A0EBEFA42A2C7E2F008B6755 /* Keychain.swift */ = {isa = PBXFileReference; fileEncoding = 4; lastKnownFileType = sourcecode.swift; path = Keychain.swift; sourceTree = "<group>"; };
		A0EBEFA52A2C7E2F008B6755 /* URL+Extensions.swift */ = {isa = PBXFileReference; fileEncoding = 4; lastKnownFileType = sourcecode.swift; path = "URL+Extensions.swift"; sourceTree = "<group>"; };
		A0EBEFA72A2C7E2F008B6755 /* Acronym.swift */ = {isa = PBXFileReference; fileEncoding = 4; lastKnownFileType = sourcecode.swift; path = Acronym.swift; sourceTree = "<group>"; };
		A0EBEFA82A2C7E2F008B6755 /* Empty.swift */ = {isa = PBXFileReference; fileEncoding = 4; lastKnownFileType = sourcecode.swift; path = Empty.swift; sourceTree = "<group>"; };
		A0EBEFA92A2C7E2F008B6755 /* User.swift */ = {isa = PBXFileReference; fileEncoding = 4; lastKnownFileType = sourcecode.swift; path = User.swift; sourceTree = "<group>"; };
		A0EBEFAA2A2C7E2F008B6755 /* LoginData.swift */ = {isa = PBXFileReference; fileEncoding = 4; lastKnownFileType = sourcecode.swift; path = LoginData.swift; sourceTree = "<group>"; };
		A0EBEFAB2A2C7E2F008B6755 /* Category.swift */ = {isa = PBXFileReference; fileEncoding = 4; lastKnownFileType = sourcecode.swift; path = Category.swift; sourceTree = "<group>"; };
		A0EBEFAC2A2C7E2F008B6755 /* Token.swift */ = {isa = PBXFileReference; fileEncoding = 4; lastKnownFileType = sourcecode.swift; path = Token.swift; sourceTree = "<group>"; };
		A0EBEFAE2A2C7E2F008B6755 /* Preview Assets.xcassets */ = {isa = PBXFileReference; lastKnownFileType = folder.assetcatalog; path = "Preview Assets.xcassets"; sourceTree = "<group>"; };
		A0EBEFAF2A2C7E2F008B6755 /* TILApp.swift */ = {isa = PBXFileReference; fileEncoding = 4; lastKnownFileType = sourcecode.swift; path = TILApp.swift; sourceTree = "<group>"; };
		A0EBEFB32A2C7E2F008B6755 /* UserFeature.swift */ = {isa = PBXFileReference; fileEncoding = 4; lastKnownFileType = sourcecode.swift; path = UserFeature.swift; sourceTree = "<group>"; };
		A0EBEFB42A2C7E2F008B6755 /* UserForm.swift */ = {isa = PBXFileReference; fileEncoding = 4; lastKnownFileType = sourcecode.swift; path = UserForm.swift; sourceTree = "<group>"; };
		A0EBEFB52A2C7E2F008B6755 /* UsersView.swift */ = {isa = PBXFileReference; fileEncoding = 4; lastKnownFileType = sourcecode.swift; path = UsersView.swift; sourceTree = "<group>"; };
		A0EBEFB62A2C7E2F008B6755 /* UsersFeature.swift */ = {isa = PBXFileReference; fileEncoding = 4; lastKnownFileType = sourcecode.swift; path = UsersFeature.swift; sourceTree = "<group>"; };
		A0EBEFB82A2C7E2F008B6755 /* Root.swift */ = {isa = PBXFileReference; fileEncoding = 4; lastKnownFileType = sourcecode.swift; path = Root.swift; sourceTree = "<group>"; };
		A0EBEFB92A2C7E2F008B6755 /* RootView.swift */ = {isa = PBXFileReference; fileEncoding = 4; lastKnownFileType = sourcecode.swift; path = RootView.swift; sourceTree = "<group>"; };
		A0EBEFBB2A2C7E2F008B6755 /* AcronymsFeature.swift */ = {isa = PBXFileReference; fileEncoding = 4; lastKnownFileType = sourcecode.swift; path = AcronymsFeature.swift; sourceTree = "<group>"; };
		A0EBEFBC2A2C7E2F008B6755 /* AcronymsView.swift */ = {isa = PBXFileReference; fileEncoding = 4; lastKnownFileType = sourcecode.swift; path = AcronymsView.swift; sourceTree = "<group>"; };
		A0EBEFBE2A2C7E2F008B6755 /* AcronymFeature.swift */ = {isa = PBXFileReference; fileEncoding = 4; lastKnownFileType = sourcecode.swift; path = AcronymFeature.swift; sourceTree = "<group>"; };
		A0EBEFBF2A2C7E2F008B6755 /* AcronymForm.swift */ = {isa = PBXFileReference; fileEncoding = 4; lastKnownFileType = sourcecode.swift; path = AcronymForm.swift; sourceTree = "<group>"; };
		A0EBEFC12A2C7E2F008B6755 /* CategoriesView.swift */ = {isa = PBXFileReference; fileEncoding = 4; lastKnownFileType = sourcecode.swift; path = CategoriesView.swift; sourceTree = "<group>"; };
		A0EBEFC32A2C7E2F008B6755 /* CategoryFeature.swift */ = {isa = PBXFileReference; fileEncoding = 4; lastKnownFileType = sourcecode.swift; path = CategoryFeature.swift; sourceTree = "<group>"; };
		A0EBEFC42A2C7E2F008B6755 /* CategoryForm.swift */ = {isa = PBXFileReference; fileEncoding = 4; lastKnownFileType = sourcecode.swift; path = CategoryForm.swift; sourceTree = "<group>"; };
		A0EBEFC52A2C7E2F008B6755 /* CategoriesFeature.swift */ = {isa = PBXFileReference; fileEncoding = 4; lastKnownFileType = sourcecode.swift; path = CategoriesFeature.swift; sourceTree = "<group>"; };
		A0EBEFC72A2C7E2F008B6755 /* LoginView.swift */ = {isa = PBXFileReference; fileEncoding = 4; lastKnownFileType = sourcecode.swift; path = LoginView.swift; sourceTree = "<group>"; };
		A0EBEFC82A2C7E2F008B6755 /* LoginFeature.swift */ = {isa = PBXFileReference; fileEncoding = 4; lastKnownFileType = sourcecode.swift; path = LoginFeature.swift; sourceTree = "<group>"; };
		A0EBEFC92A2C7E2F008B6755 /* Info.plist */ = {isa = PBXFileReference; fileEncoding = 4; lastKnownFileType = text.plist.xml; path = Info.plist; sourceTree = "<group>"; };
		A0EBEFF72A2DB8CB008B6755 /* AcronymsViewMac.swift */ = {isa = PBXFileReference; lastKnownFileType = sourcecode.swift; path = AcronymsViewMac.swift; sourceTree = "<group>"; };
/* End PBXFileReference section */

/* Begin PBXFrameworksBuildPhase section */
		A036685B2A1FA98500C12C56 /* Frameworks */ = {
			isa = PBXFrameworksBuildPhase;
			buildActionMask = 2147483647;
			files = (
				A03668712A1FAA3800C12C56 /* ComposableArchitecture in Frameworks */,
			);
			runOnlyForDeploymentPostprocessing = 0;
		};
		A03668762A207B4700C12C56 /* Frameworks */ = {
			isa = PBXFrameworksBuildPhase;
			buildActionMask = 2147483647;
			files = (
			);
			runOnlyForDeploymentPostprocessing = 0;
		};
/* End PBXFrameworksBuildPhase section */

/* Begin PBXGroup section */
		A03668552A1FA98500C12C56 = {
			isa = PBXGroup;
			children = (
				A0EBEF8E2A2C7E2F008B6755 /* TILApp */,
				A036687A2A207B4700C12C56 /* TILAppUnitTests */,
				A036685F2A1FA98500C12C56 /* Products */,
			);
			sourceTree = "<group>";
		};
		A036685F2A1FA98500C12C56 /* Products */ = {
			isa = PBXGroup;
			children = (
				A036685E2A1FA98500C12C56 /* TILApp.app */,
				A03668792A207B4700C12C56 /* TILAppUnitTests.xctest */,
			);
			name = Products;
			sourceTree = "<group>";
		};
		A036687A2A207B4700C12C56 /* TILAppUnitTests */ = {
			isa = PBXGroup;
			children = (
			);
			path = TILAppUnitTests;
			sourceTree = "<group>";
		};
		A04804D82A38B616002C472A /* ProfilePicture */ = {
			isa = PBXGroup;
			children = (
				A04804D92A38B636002C472A /* AddUserProfilePictureView.swift */,
				A04804DB2A38B647002C472A /* AddUserProfilePictureFeature.swift */,
			);
			path = ProfilePicture;
			sourceTree = "<group>";
		};
		A09D4E212A33193500A33101 /* Shared */ = {
			isa = PBXGroup;
			children = (
				A09D4E222A33193E00A33101 /* ErrorModifier.swift */,
				A09D4E242A33194B00A33101 /* LoadingModifier.swift */,
				A060435A2A347644002CB3C4 /* Logger.swift */,
			);
			path = Shared;
			sourceTree = "<group>";
		};
		A0EBEF8E2A2C7E2F008B6755 /* TILApp */ = {
			isa = PBXGroup;
			children = (
				A06043592A3470D0002CB3C4 /* TILApp.entitlements */,
				A0EBEFB02A2C7E2F008B6755 /* Application */,
				A0EBEFA12A2C7E2F008B6755 /* Assets.xcassets */,
				A0EBEFC92A2C7E2F008B6755 /* Info.plist */,
				A0EBEFA62A2C7E2F008B6755 /* Models */,
				A0EBEF8F2A2C7E2F008B6755 /* Networking */,
				A0EBEFAD2A2C7E2F008B6755 /* Preview Content */,
				A0EBEFA22A2C7E2F008B6755 /* Utils */,
				A0EBEFAF2A2C7E2F008B6755 /* TILApp.swift */,
			);
			path = TILApp;
			sourceTree = "<group>";
		};
		A0EBEF8F2A2C7E2F008B6755 /* Networking */ = {
			isa = PBXGroup;
			children = (
				A0EBEF902A2C7E2F008B6755 /* Clients */,
				A0EBEF942A2C7E2F008B6755 /* URLComponents+Init.swift */,
				A0EBEF952A2C7E2F008B6755 /* Requests */,
				A0EBEF992A2C7E2F008B6755 /* Components */,
				A0EBEF9D2A2C7E2F008B6755 /* URLSession+Client.swift */,
				A0EBEF9E2A2C7E2F008B6755 /* JSONEncoder+Shared.swift */,
				A0EBEF9F2A2C7E2F008B6755 /* URLRequest+Builder.swift */,
				A0EBEFA02A2C7E2F008B6755 /* JSONDecoder+Shared.swift */,
			);
			path = Networking;
			sourceTree = "<group>";
		};
		A0EBEF902A2C7E2F008B6755 /* Clients */ = {
			isa = PBXGroup;
			children = (
				A0EBEF912A2C7E2F008B6755 /* UsersClient.swift */,
				A0EBEF922A2C7E2F008B6755 /* CategoriesClient.swift */,
				A0EBEF932A2C7E2F008B6755 /* AcronymsClient.swift */,
			);
			path = Clients;
			sourceTree = "<group>";
		};
		A0EBEF952A2C7E2F008B6755 /* Requests */ = {
			isa = PBXGroup;
			children = (
				A0EBEF962A2C7E2F008B6755 /* URLRequest+Categories.swift */,
				A0EBEF972A2C7E2F008B6755 /* URLRequest+Users.swift */,
				A0EBEF982A2C7E2F008B6755 /* URLRequest+Acronyms.swift */,
			);
			path = Requests;
			sourceTree = "<group>";
		};
		A0EBEF992A2C7E2F008B6755 /* Components */ = {
			isa = PBXGroup;
			children = (
				A0EBEF9A2A2C7E2F008B6755 /* URLComponents+Categories.swift */,
				A0EBEF9B2A2C7E2F008B6755 /* URLComponents+Users.swift */,
				A0EBEF9C2A2C7E2F008B6755 /* URLComponents+Acronyms.swift */,
			);
			path = Components;
			sourceTree = "<group>";
		};
		A0EBEFA22A2C7E2F008B6755 /* Utils */ = {
			isa = PBXGroup;
			children = (
				A0EBEFA32A2C7E2F008B6755 /* Auth.swift */,
				A0EBEFA42A2C7E2F008B6755 /* Keychain.swift */,
				A0EBEFA52A2C7E2F008B6755 /* URL+Extensions.swift */,
			);
			path = Utils;
			sourceTree = "<group>";
		};
		A0EBEFA62A2C7E2F008B6755 /* Models */ = {
			isa = PBXGroup;
			children = (
				A0EBEFA72A2C7E2F008B6755 /* Acronym.swift */,
				A0EBEFA82A2C7E2F008B6755 /* Empty.swift */,
				A0EBEFA92A2C7E2F008B6755 /* User.swift */,
				A0EBEFAA2A2C7E2F008B6755 /* LoginData.swift */,
				A0EBEFAB2A2C7E2F008B6755 /* Category.swift */,
				A0EBEFAC2A2C7E2F008B6755 /* Token.swift */,
				A06043572A346EB0002CB3C4 /* SignInWithAppleToken.swift */,
				A04804D62A38AFB6002C472A /* ImageUploadData.swift */,
			);
			path = Models;
			sourceTree = "<group>";
		};
		A0EBEFAD2A2C7E2F008B6755 /* Preview Content */ = {
			isa = PBXGroup;
			children = (
				A0EBEFAE2A2C7E2F008B6755 /* Preview Assets.xcassets */,
			);
			path = "Preview Content";
			sourceTree = "<group>";
		};
		A0EBEFB02A2C7E2F008B6755 /* Application */ = {
			isa = PBXGroup;
			children = (
				A09D4E212A33193500A33101 /* Shared */,
				A0EBEFB12A2C7E2F008B6755 /* Users */,
				A0EBEFB72A2C7E2F008B6755 /* Root */,
				A0EBEFBA2A2C7E2F008B6755 /* Acronyms */,
				A0EBEFC02A2C7E2F008B6755 /* Categories */,
				A0EBEFC62A2C7E2F008B6755 /* Login */,
			);
			path = Application;
			sourceTree = "<group>";
		};
		A0EBEFB12A2C7E2F008B6755 /* Users */ = {
			isa = PBXGroup;
			children = (
				A04804D82A38B616002C472A /* ProfilePicture */,
				A0EBEFB22A2C7E2F008B6755 /* UserForm */,
				A0EBEFB52A2C7E2F008B6755 /* UsersView.swift */,
				A0D2F19D2A2F8EFA0013F60C /* UsersViewMac.swift */,
				A0EBEFB62A2C7E2F008B6755 /* UsersFeature.swift */,
			);
			path = Users;
			sourceTree = "<group>";
		};
		A0EBEFB22A2C7E2F008B6755 /* UserForm */ = {
			isa = PBXGroup;
			children = (
				A0EBEFB32A2C7E2F008B6755 /* UserFeature.swift */,
				A0EBEFB42A2C7E2F008B6755 /* UserForm.swift */,
			);
			path = UserForm;
			sourceTree = "<group>";
		};
		A0EBEFB72A2C7E2F008B6755 /* Root */ = {
			isa = PBXGroup;
			children = (
				A0EBEFB82A2C7E2F008B6755 /* Root.swift */,
				A0EBEFB92A2C7E2F008B6755 /* RootView.swift */,
				A0D2F19B2A2EF8400013F60C /* Menus.swift */,
			);
			path = Root;
			sourceTree = "<group>";
		};
		A0EBEFBA2A2C7E2F008B6755 /* Acronyms */ = {
			isa = PBXGroup;
			children = (
				A0EBEFBD2A2C7E2F008B6755 /* AcronymForm */,
				A0EBEFBB2A2C7E2F008B6755 /* AcronymsFeature.swift */,
				A0EBEFBC2A2C7E2F008B6755 /* AcronymsView.swift */,
				A0EBEFF72A2DB8CB008B6755 /* AcronymsViewMac.swift */,
			);
			path = Acronyms;
			sourceTree = "<group>";
		};
		A0EBEFBD2A2C7E2F008B6755 /* AcronymForm */ = {
			isa = PBXGroup;
			children = (
				A0EBEFBE2A2C7E2F008B6755 /* AcronymFeature.swift */,
				A0EBEFBF2A2C7E2F008B6755 /* AcronymForm.swift */,
			);
			path = AcronymForm;
			sourceTree = "<group>";
		};
		A0EBEFC02A2C7E2F008B6755 /* Categories */ = {
			isa = PBXGroup;
			children = (
				A0EBEFC22A2C7E2F008B6755 /* CategoryForm */,
				A0EBEFC52A2C7E2F008B6755 /* CategoriesFeature.swift */,
				A0EBEFC12A2C7E2F008B6755 /* CategoriesView.swift */,
				A0D2F19F2A2F91430013F60C /* CategoriesViewMac.swift */,
			);
			path = Categories;
			sourceTree = "<group>";
		};
		A0EBEFC22A2C7E2F008B6755 /* CategoryForm */ = {
			isa = PBXGroup;
			children = (
				A0EBEFC32A2C7E2F008B6755 /* CategoryFeature.swift */,
				A0EBEFC42A2C7E2F008B6755 /* CategoryForm.swift */,
			);
			path = CategoryForm;
			sourceTree = "<group>";
		};
		A0EBEFC62A2C7E2F008B6755 /* Login */ = {
			isa = PBXGroup;
			children = (
				A0EBEFC72A2C7E2F008B6755 /* LoginView.swift */,
				A0EBEFC82A2C7E2F008B6755 /* LoginFeature.swift */,
			);
			path = Login;
			sourceTree = "<group>";
		};
/* End PBXGroup section */

/* Begin PBXNativeTarget section */
		A036685D2A1FA98500C12C56 /* TILApp */ = {
			isa = PBXNativeTarget;
			buildConfigurationList = A036686C2A1FA98700C12C56 /* Build configuration list for PBXNativeTarget "TILApp" */;
			buildPhases = (
				A036685A2A1FA98500C12C56 /* Sources */,
				A036685B2A1FA98500C12C56 /* Frameworks */,
				A036685C2A1FA98500C12C56 /* Resources */,
				A0EBEFF52A2C8147008B6755 /* Swiftlint */,
			);
			buildRules = (
			);
			dependencies = (
			);
			name = TILApp;
			packageProductDependencies = (
				A03668702A1FAA3800C12C56 /* ComposableArchitecture */,
			);
			productName = "TILApp-iOS";
			productReference = A036685E2A1FA98500C12C56 /* TILApp.app */;
			productType = "com.apple.product-type.application";
		};
		A03668782A207B4700C12C56 /* TILAppUnitTests */ = {
			isa = PBXNativeTarget;
			buildConfigurationList = A036687F2A207B4700C12C56 /* Build configuration list for PBXNativeTarget "TILAppUnitTests" */;
			buildPhases = (
				A03668752A207B4700C12C56 /* Sources */,
				A03668762A207B4700C12C56 /* Frameworks */,
				A03668772A207B4700C12C56 /* Resources */,
			);
			buildRules = (
			);
			dependencies = (
				A036687E2A207B4700C12C56 /* PBXTargetDependency */,
			);
			name = TILAppUnitTests;
			productName = "TILApp-iOSUnitTests";
			productReference = A03668792A207B4700C12C56 /* TILAppUnitTests.xctest */;
			productType = "com.apple.product-type.bundle.unit-test";
		};
/* End PBXNativeTarget section */

/* Begin PBXProject section */
		A03668562A1FA98500C12C56 /* Project object */ = {
			isa = PBXProject;
			attributes = {
				BuildIndependentTargetsInParallel = 1;
				LastSwiftUpdateCheck = 1430;
				LastUpgradeCheck = 1430;
				TargetAttributes = {
					A036685D2A1FA98500C12C56 = {
						CreatedOnToolsVersion = 14.3;
					};
					A03668782A207B4700C12C56 = {
						CreatedOnToolsVersion = 14.3;
						LastSwiftMigration = 1430;
						TestTargetID = A036685D2A1FA98500C12C56;
					};
				};
			};
			buildConfigurationList = A03668592A1FA98500C12C56 /* Build configuration list for PBXProject "TILApp" */;
			compatibilityVersion = "Xcode 14.0";
			developmentRegion = en;
			hasScannedForEncodings = 0;
			knownRegions = (
				en,
				Base,
			);
			mainGroup = A03668552A1FA98500C12C56;
			packageReferences = (
				A036686F2A1FAA3800C12C56 /* XCRemoteSwiftPackageReference "swift-composable-architecture" */,
			);
			productRefGroup = A036685F2A1FA98500C12C56 /* Products */;
			projectDirPath = "";
			projectRoot = "";
			targets = (
				A036685D2A1FA98500C12C56 /* TILApp */,
				A03668782A207B4700C12C56 /* TILAppUnitTests */,
			);
		};
/* End PBXProject section */

/* Begin PBXResourcesBuildPhase section */
		A036685C2A1FA98500C12C56 /* Resources */ = {
			isa = PBXResourcesBuildPhase;
			buildActionMask = 2147483647;
			files = (
				A0EBEFE22A2C7E2F008B6755 /* Preview Assets.xcassets in Resources */,
				A0EBEFD82A2C7E2F008B6755 /* Assets.xcassets in Resources */,
			);
			runOnlyForDeploymentPostprocessing = 0;
		};
		A03668772A207B4700C12C56 /* Resources */ = {
			isa = PBXResourcesBuildPhase;
			buildActionMask = 2147483647;
			files = (
			);
			runOnlyForDeploymentPostprocessing = 0;
		};
/* End PBXResourcesBuildPhase section */

/* Begin PBXShellScriptBuildPhase section */
		A0EBEFF52A2C8147008B6755 /* Swiftlint */ = {
			isa = PBXShellScriptBuildPhase;
			alwaysOutOfDate = 1;
			buildActionMask = 2147483647;
			files = (
			);
			inputFileListPaths = (
			);
			inputPaths = (
			);
			name = Swiftlint;
			outputFileListPaths = (
			);
			outputPaths = (
			);
			runOnlyForDeploymentPostprocessing = 0;
			shellPath = /bin/sh;
			shellScript = "if which swiftlint > /dev/null; then\n  swiftlint .\nelse\n  echo \"warning: SwiftLint not installed, download from https://github.com/realm/SwiftLint\"\nfi\n";
		};
/* End PBXShellScriptBuildPhase section */

/* Begin PBXSourcesBuildPhase section */
		A036685A2A1FA98500C12C56 /* Sources */ = {
			isa = PBXSourcesBuildPhase;
			buildActionMask = 2147483647;
			files = (
				A0EBEFDB2A2C7E2F008B6755 /* URL+Extensions.swift in Sources */,
				A0EBEFDC2A2C7E2F008B6755 /* Acronym.swift in Sources */,
				A0EBEFF32A2C7E2F008B6755 /* LoginFeature.swift in Sources */,
				A0EBEFDF2A2C7E2F008B6755 /* LoginData.swift in Sources */,
				A04804D72A38AFB6002C472A /* ImageUploadData.swift in Sources */,
				A0EBEFE72A2C7E2F008B6755 /* UsersFeature.swift in Sources */,
				A0EBEFD02A2C7E2F008B6755 /* URLRequest+Acronyms.swift in Sources */,
				A0EBEFCB2A2C7E2F008B6755 /* CategoriesClient.swift in Sources */,
				A060435B2A347644002CB3C4 /* Logger.swift in Sources */,
				A0EBEFCA2A2C7E2F008B6755 /* UsersClient.swift in Sources */,
				A0EBEFD42A2C7E2F008B6755 /* URLSession+Client.swift in Sources */,
				A0EBEFEE2A2C7E2F008B6755 /* CategoriesView.swift in Sources */,
				A0EBEFF02A2C7E2F008B6755 /* CategoryForm.swift in Sources */,
				A0EBEFD12A2C7E2F008B6755 /* URLComponents+Categories.swift in Sources */,
				A0EBEFE82A2C7E2F008B6755 /* Root.swift in Sources */,
				A0EBEFDA2A2C7E2F008B6755 /* Keychain.swift in Sources */,
				A09D4E252A33194B00A33101 /* LoadingModifier.swift in Sources */,
				A0EBEFDE2A2C7E2F008B6755 /* User.swift in Sources */,
				A04804DC2A38B647002C472A /* AddUserProfilePictureFeature.swift in Sources */,
				A0EBEFD92A2C7E2F008B6755 /* Auth.swift in Sources */,
				A0EBEFED2A2C7E2F008B6755 /* AcronymForm.swift in Sources */,
				A0EBEFCF2A2C7E2F008B6755 /* URLRequest+Users.swift in Sources */,
				A0D2F19E2A2F8EFA0013F60C /* UsersViewMac.swift in Sources */,
				A0EBEFE92A2C7E2F008B6755 /* RootView.swift in Sources */,
				A0EBEFDD2A2C7E2F008B6755 /* Empty.swift in Sources */,
				A04804DA2A38B636002C472A /* AddUserProfilePictureView.swift in Sources */,
				A09D4E232A33193E00A33101 /* ErrorModifier.swift in Sources */,
				A0EBEFEF2A2C7E2F008B6755 /* CategoryFeature.swift in Sources */,
				A0EBEFE42A2C7E2F008B6755 /* UserFeature.swift in Sources */,
				A0EBEFF82A2DB8CB008B6755 /* AcronymsViewMac.swift in Sources */,
				A0EBEFD22A2C7E2F008B6755 /* URLComponents+Users.swift in Sources */,
				A0EBEFF12A2C7E2F008B6755 /* CategoriesFeature.swift in Sources */,
				A0EBEFCC2A2C7E2F008B6755 /* AcronymsClient.swift in Sources */,
				A0EBEFD62A2C7E2F008B6755 /* URLRequest+Builder.swift in Sources */,
				A0EBEFEB2A2C7E2F008B6755 /* AcronymsView.swift in Sources */,
				A0EBEFCD2A2C7E2F008B6755 /* URLComponents+Init.swift in Sources */,
				A0EBEFEA2A2C7E2F008B6755 /* AcronymsFeature.swift in Sources */,
				A0EBEFE52A2C7E2F008B6755 /* UserForm.swift in Sources */,
				A0EBEFCE2A2C7E2F008B6755 /* URLRequest+Categories.swift in Sources */,
				A0EBEFD72A2C7E2F008B6755 /* JSONDecoder+Shared.swift in Sources */,
				A0EBEFE32A2C7E2F008B6755 /* TILApp.swift in Sources */,
				A0EBEFE12A2C7E2F008B6755 /* Token.swift in Sources */,
				A0EBEFE62A2C7E2F008B6755 /* UsersView.swift in Sources */,
				A0EBEFD32A2C7E2F008B6755 /* URLComponents+Acronyms.swift in Sources */,
				A0EBEFD52A2C7E2F008B6755 /* JSONEncoder+Shared.swift in Sources */,
				A0D2F19C2A2EF8400013F60C /* Menus.swift in Sources */,
				A06043582A346EB0002CB3C4 /* SignInWithAppleToken.swift in Sources */,
				A0D2F1A02A2F91430013F60C /* CategoriesViewMac.swift in Sources */,
				A0EBEFF22A2C7E2F008B6755 /* LoginView.swift in Sources */,
				A0EBEFE02A2C7E2F008B6755 /* Category.swift in Sources */,
				A0EBEFEC2A2C7E2F008B6755 /* AcronymFeature.swift in Sources */,
			);
			runOnlyForDeploymentPostprocessing = 0;
		};
		A03668752A207B4700C12C56 /* Sources */ = {
			isa = PBXSourcesBuildPhase;
			buildActionMask = 2147483647;
			files = (
			);
			runOnlyForDeploymentPostprocessing = 0;
		};
/* End PBXSourcesBuildPhase section */

/* Begin PBXTargetDependency section */
		A036687E2A207B4700C12C56 /* PBXTargetDependency */ = {
			isa = PBXTargetDependency;
			target = A036685D2A1FA98500C12C56 /* TILApp */;
			targetProxy = A036687D2A207B4700C12C56 /* PBXContainerItemProxy */;
		};
/* End PBXTargetDependency section */

/* Begin XCBuildConfiguration section */
		A036686A2A1FA98700C12C56 /* Debug */ = {
			isa = XCBuildConfiguration;
			buildSettings = {
				ALWAYS_SEARCH_USER_PATHS = NO;
				CLANG_ANALYZER_NONNULL = YES;
				CLANG_ANALYZER_NUMBER_OBJECT_CONVERSION = YES_AGGRESSIVE;
				CLANG_CXX_LANGUAGE_STANDARD = "gnu++20";
				CLANG_ENABLE_MODULES = YES;
				CLANG_ENABLE_OBJC_ARC = YES;
				CLANG_ENABLE_OBJC_WEAK = YES;
				CLANG_WARN_BLOCK_CAPTURE_AUTORELEASING = YES;
				CLANG_WARN_BOOL_CONVERSION = YES;
				CLANG_WARN_COMMA = YES;
				CLANG_WARN_CONSTANT_CONVERSION = YES;
				CLANG_WARN_DEPRECATED_OBJC_IMPLEMENTATIONS = YES;
				CLANG_WARN_DIRECT_OBJC_ISA_USAGE = YES_ERROR;
				CLANG_WARN_DOCUMENTATION_COMMENTS = YES;
				CLANG_WARN_EMPTY_BODY = YES;
				CLANG_WARN_ENUM_CONVERSION = YES;
				CLANG_WARN_INFINITE_RECURSION = YES;
				CLANG_WARN_INT_CONVERSION = YES;
				CLANG_WARN_NON_LITERAL_NULL_CONVERSION = YES;
				CLANG_WARN_OBJC_IMPLICIT_RETAIN_SELF = YES;
				CLANG_WARN_OBJC_LITERAL_CONVERSION = YES;
				CLANG_WARN_OBJC_ROOT_CLASS = YES_ERROR;
				CLANG_WARN_QUOTED_INCLUDE_IN_FRAMEWORK_HEADER = YES;
				CLANG_WARN_RANGE_LOOP_ANALYSIS = YES;
				CLANG_WARN_STRICT_PROTOTYPES = YES;
				CLANG_WARN_SUSPICIOUS_MOVE = YES;
				CLANG_WARN_UNGUARDED_AVAILABILITY = YES_AGGRESSIVE;
				CLANG_WARN_UNREACHABLE_CODE = YES;
				CLANG_WARN__DUPLICATE_METHOD_MATCH = YES;
				COPY_PHASE_STRIP = NO;
				DEBUG_INFORMATION_FORMAT = dwarf;
				ENABLE_STRICT_OBJC_MSGSEND = YES;
				ENABLE_TESTABILITY = YES;
				GCC_C_LANGUAGE_STANDARD = gnu11;
				GCC_DYNAMIC_NO_PIC = NO;
				GCC_NO_COMMON_BLOCKS = YES;
				GCC_OPTIMIZATION_LEVEL = 0;
				GCC_PREPROCESSOR_DEFINITIONS = (
					"DEBUG=1",
					"$(inherited)",
				);
				GCC_WARN_64_TO_32_BIT_CONVERSION = YES;
				GCC_WARN_ABOUT_RETURN_TYPE = YES_ERROR;
				GCC_WARN_UNDECLARED_SELECTOR = YES;
				GCC_WARN_UNINITIALIZED_AUTOS = YES_AGGRESSIVE;
				GCC_WARN_UNUSED_FUNCTION = YES;
				GCC_WARN_UNUSED_VARIABLE = YES;
				IPHONEOS_DEPLOYMENT_TARGET = 16.4;
				MTL_ENABLE_DEBUG_INFO = INCLUDE_SOURCE;
				MTL_FAST_MATH = YES;
				ONLY_ACTIVE_ARCH = YES;
				SDKROOT = iphoneos;
				SWIFT_ACTIVE_COMPILATION_CONDITIONS = DEBUG;
				SWIFT_OPTIMIZATION_LEVEL = "-Onone";
			};
			name = Debug;
		};
		A036686B2A1FA98700C12C56 /* Release */ = {
			isa = XCBuildConfiguration;
			buildSettings = {
				ALWAYS_SEARCH_USER_PATHS = NO;
				CLANG_ANALYZER_NONNULL = YES;
				CLANG_ANALYZER_NUMBER_OBJECT_CONVERSION = YES_AGGRESSIVE;
				CLANG_CXX_LANGUAGE_STANDARD = "gnu++20";
				CLANG_ENABLE_MODULES = YES;
				CLANG_ENABLE_OBJC_ARC = YES;
				CLANG_ENABLE_OBJC_WEAK = YES;
				CLANG_WARN_BLOCK_CAPTURE_AUTORELEASING = YES;
				CLANG_WARN_BOOL_CONVERSION = YES;
				CLANG_WARN_COMMA = YES;
				CLANG_WARN_CONSTANT_CONVERSION = YES;
				CLANG_WARN_DEPRECATED_OBJC_IMPLEMENTATIONS = YES;
				CLANG_WARN_DIRECT_OBJC_ISA_USAGE = YES_ERROR;
				CLANG_WARN_DOCUMENTATION_COMMENTS = YES;
				CLANG_WARN_EMPTY_BODY = YES;
				CLANG_WARN_ENUM_CONVERSION = YES;
				CLANG_WARN_INFINITE_RECURSION = YES;
				CLANG_WARN_INT_CONVERSION = YES;
				CLANG_WARN_NON_LITERAL_NULL_CONVERSION = YES;
				CLANG_WARN_OBJC_IMPLICIT_RETAIN_SELF = YES;
				CLANG_WARN_OBJC_LITERAL_CONVERSION = YES;
				CLANG_WARN_OBJC_ROOT_CLASS = YES_ERROR;
				CLANG_WARN_QUOTED_INCLUDE_IN_FRAMEWORK_HEADER = YES;
				CLANG_WARN_RANGE_LOOP_ANALYSIS = YES;
				CLANG_WARN_STRICT_PROTOTYPES = YES;
				CLANG_WARN_SUSPICIOUS_MOVE = YES;
				CLANG_WARN_UNGUARDED_AVAILABILITY = YES_AGGRESSIVE;
				CLANG_WARN_UNREACHABLE_CODE = YES;
				CLANG_WARN__DUPLICATE_METHOD_MATCH = YES;
				COPY_PHASE_STRIP = NO;
				DEBUG_INFORMATION_FORMAT = "dwarf-with-dsym";
				ENABLE_NS_ASSERTIONS = NO;
				ENABLE_STRICT_OBJC_MSGSEND = YES;
				GCC_C_LANGUAGE_STANDARD = gnu11;
				GCC_NO_COMMON_BLOCKS = YES;
				GCC_WARN_64_TO_32_BIT_CONVERSION = YES;
				GCC_WARN_ABOUT_RETURN_TYPE = YES_ERROR;
				GCC_WARN_UNDECLARED_SELECTOR = YES;
				GCC_WARN_UNINITIALIZED_AUTOS = YES_AGGRESSIVE;
				GCC_WARN_UNUSED_FUNCTION = YES;
				GCC_WARN_UNUSED_VARIABLE = YES;
				IPHONEOS_DEPLOYMENT_TARGET = 16.4;
				MTL_ENABLE_DEBUG_INFO = NO;
				MTL_FAST_MATH = YES;
				SDKROOT = iphoneos;
				SWIFT_COMPILATION_MODE = wholemodule;
				SWIFT_OPTIMIZATION_LEVEL = "-O";
				VALIDATE_PRODUCT = YES;
			};
			name = Release;
		};
		A036686D2A1FA98700C12C56 /* Debug */ = {
			isa = XCBuildConfiguration;
			buildSettings = {
				ASSETCATALOG_COMPILER_APPICON_NAME = AppIcon;
				ASSETCATALOG_COMPILER_GLOBAL_ACCENT_COLOR_NAME = AccentColor;
				CODE_SIGN_ENTITLEMENTS = TILApp/TILApp.entitlements;
				CODE_SIGN_STYLE = Automatic;
				CURRENT_PROJECT_VERSION = 1;
				DEVELOPMENT_ASSET_PATHS = "\"TILApp/Preview Content\"";
				DEVELOPMENT_TEAM = 7KN966P9LP;
				ENABLE_PREVIEWS = YES;
				GENERATE_INFOPLIST_FILE = YES;
				INFOPLIST_FILE = TILApp/Info.plist;
				INFOPLIST_KEY_UIApplicationSceneManifest_Generation = YES;
				INFOPLIST_KEY_UIApplicationSupportsIndirectInputEvents = YES;
				INFOPLIST_KEY_UILaunchScreen_Generation = YES;
				INFOPLIST_KEY_UISupportedInterfaceOrientations_iPad = "UIInterfaceOrientationPortrait UIInterfaceOrientationPortraitUpsideDown UIInterfaceOrientationLandscapeLeft UIInterfaceOrientationLandscapeRight";
				INFOPLIST_KEY_UISupportedInterfaceOrientations_iPhone = "UIInterfaceOrientationPortrait UIInterfaceOrientationLandscapeLeft UIInterfaceOrientationLandscapeRight";
				IPHONEOS_DEPLOYMENT_TARGET = 16.4;
				LD_RUNPATH_SEARCH_PATHS = (
					"$(inherited)",
					"@executable_path/Frameworks",
				);
				MARKETING_VERSION = 1.0;
				PRODUCT_BUNDLE_IDENTIFIER = com.verticalcoding.TILApp;
				PRODUCT_NAME = "$(TARGET_NAME)";
				SUPPORTED_PLATFORMS = "iphoneos iphonesimulator macosx";
				SUPPORTS_MACCATALYST = NO;
				SUPPORTS_MAC_DESIGNED_FOR_IPHONE_IPAD = NO;
				SWIFT_EMIT_LOC_STRINGS = YES;
				SWIFT_VERSION = 5.0;
				TARGETED_DEVICE_FAMILY = 1;
			};
			name = Debug;
		};
		A036686E2A1FA98700C12C56 /* Release */ = {
			isa = XCBuildConfiguration;
			buildSettings = {
				ASSETCATALOG_COMPILER_APPICON_NAME = AppIcon;
				ASSETCATALOG_COMPILER_GLOBAL_ACCENT_COLOR_NAME = AccentColor;
				CODE_SIGN_ENTITLEMENTS = TILApp/TILApp.entitlements;
				CODE_SIGN_STYLE = Automatic;
				CURRENT_PROJECT_VERSION = 1;
				DEVELOPMENT_ASSET_PATHS = "\"TILApp/Preview Content\"";
				DEVELOPMENT_TEAM = 7KN966P9LP;
				ENABLE_PREVIEWS = YES;
				GENERATE_INFOPLIST_FILE = YES;
				INFOPLIST_FILE = TILApp/Info.plist;
				INFOPLIST_KEY_UIApplicationSceneManifest_Generation = YES;
				INFOPLIST_KEY_UIApplicationSupportsIndirectInputEvents = YES;
				INFOPLIST_KEY_UILaunchScreen_Generation = YES;
				INFOPLIST_KEY_UISupportedInterfaceOrientations_iPad = "UIInterfaceOrientationPortrait UIInterfaceOrientationPortraitUpsideDown UIInterfaceOrientationLandscapeLeft UIInterfaceOrientationLandscapeRight";
				INFOPLIST_KEY_UISupportedInterfaceOrientations_iPhone = "UIInterfaceOrientationPortrait UIInterfaceOrientationLandscapeLeft UIInterfaceOrientationLandscapeRight";
				IPHONEOS_DEPLOYMENT_TARGET = 16.4;
				LD_RUNPATH_SEARCH_PATHS = (
					"$(inherited)",
					"@executable_path/Frameworks",
				);
				MARKETING_VERSION = 1.0;
				PRODUCT_BUNDLE_IDENTIFIER = com.verticalcoding.TILApp;
				PRODUCT_NAME = "$(TARGET_NAME)";
				SUPPORTED_PLATFORMS = "iphoneos iphonesimulator macosx";
				SUPPORTS_MACCATALYST = NO;
				SUPPORTS_MAC_DESIGNED_FOR_IPHONE_IPAD = NO;
				SWIFT_EMIT_LOC_STRINGS = YES;
				SWIFT_VERSION = 5.0;
				TARGETED_DEVICE_FAMILY = 1;
			};
			name = Release;
		};
		A03668802A207B4700C12C56 /* Debug */ = {
			isa = XCBuildConfiguration;
			buildSettings = {
				ALWAYS_EMBED_SWIFT_STANDARD_LIBRARIES = YES;
				BUNDLE_LOADER = "$(TEST_HOST)";
				CLANG_ENABLE_MODULES = YES;
				CODE_SIGN_STYLE = Automatic;
				CURRENT_PROJECT_VERSION = 1;
				DEVELOPMENT_TEAM = 7KN966P9LP;
				GENERATE_INFOPLIST_FILE = YES;
				IPHONEOS_DEPLOYMENT_TARGET = 16.4;
				MACOSX_DEPLOYMENT_TARGET = 13.3;
				MARKETING_VERSION = 1.0;
				PRODUCT_BUNDLE_IDENTIFIER = "com.verticalcoding.TILApp-iOSUnitTests";
				PRODUCT_NAME = "$(TARGET_NAME)";
				SDKROOT = auto;
				SUPPORTED_PLATFORMS = "iphoneos iphonesimulator macosx";
				SWIFT_EMIT_LOC_STRINGS = NO;
				SWIFT_OPTIMIZATION_LEVEL = "-Onone";
				SWIFT_VERSION = 5.0;
				TARGETED_DEVICE_FAMILY = "1,2";
				TEST_HOST = "$(BUILT_PRODUCTS_DIR)/TILApp-iOS.app/$(BUNDLE_EXECUTABLE_FOLDER_PATH)/TILApp-iOS";
			};
			name = Debug;
		};
		A03668812A207B4700C12C56 /* Release */ = {
			isa = XCBuildConfiguration;
			buildSettings = {
				ALWAYS_EMBED_SWIFT_STANDARD_LIBRARIES = YES;
				BUNDLE_LOADER = "$(TEST_HOST)";
				CLANG_ENABLE_MODULES = YES;
				CODE_SIGN_STYLE = Automatic;
				CURRENT_PROJECT_VERSION = 1;
				DEVELOPMENT_TEAM = 7KN966P9LP;
				GENERATE_INFOPLIST_FILE = YES;
				IPHONEOS_DEPLOYMENT_TARGET = 16.4;
				MACOSX_DEPLOYMENT_TARGET = 13.3;
				MARKETING_VERSION = 1.0;
				PRODUCT_BUNDLE_IDENTIFIER = "com.verticalcoding.TILApp-iOSUnitTests";
				PRODUCT_NAME = "$(TARGET_NAME)";
				SDKROOT = auto;
				SUPPORTED_PLATFORMS = "iphoneos iphonesimulator macosx";
				SWIFT_EMIT_LOC_STRINGS = NO;
				SWIFT_VERSION = 5.0;
				TARGETED_DEVICE_FAMILY = "1,2";
				TEST_HOST = "$(BUILT_PRODUCTS_DIR)/TILApp-iOS.app/$(BUNDLE_EXECUTABLE_FOLDER_PATH)/TILApp-iOS";
			};
			name = Release;
		};
/* End XCBuildConfiguration section */

/* Begin XCConfigurationList section */
		A03668592A1FA98500C12C56 /* Build configuration list for PBXProject "TILApp" */ = {
			isa = XCConfigurationList;
			buildConfigurations = (
				A036686A2A1FA98700C12C56 /* Debug */,
				A036686B2A1FA98700C12C56 /* Release */,
			);
			defaultConfigurationIsVisible = 0;
			defaultConfigurationName = Release;
		};
		A036686C2A1FA98700C12C56 /* Build configuration list for PBXNativeTarget "TILApp" */ = {
			isa = XCConfigurationList;
			buildConfigurations = (
				A036686D2A1FA98700C12C56 /* Debug */,
				A036686E2A1FA98700C12C56 /* Release */,
			);
			defaultConfigurationIsVisible = 0;
			defaultConfigurationName = Release;
		};
		A036687F2A207B4700C12C56 /* Build configuration list for PBXNativeTarget "TILAppUnitTests" */ = {
			isa = XCConfigurationList;
			buildConfigurations = (
				A03668802A207B4700C12C56 /* Debug */,
				A03668812A207B4700C12C56 /* Release */,
			);
			defaultConfigurationIsVisible = 0;
			defaultConfigurationName = Release;
		};
/* End XCConfigurationList section */

/* Begin XCRemoteSwiftPackageReference section */
		A036686F2A1FAA3800C12C56 /* XCRemoteSwiftPackageReference "swift-composable-architecture" */ = {
			isa = XCRemoteSwiftPackageReference;
			repositoryURL = "https://github.com/pointfreeco/swift-composable-architecture";
			requirement = {
				kind = upToNextMajorVersion;
				minimumVersion = 0.53.2;
			};
		};
/* End XCRemoteSwiftPackageReference section */

/* Begin XCSwiftPackageProductDependency section */
		A03668702A1FAA3800C12C56 /* ComposableArchitecture */ = {
			isa = XCSwiftPackageProductDependency;
			package = A036686F2A1FAA3800C12C56 /* XCRemoteSwiftPackageReference "swift-composable-architecture" */;
			productName = ComposableArchitecture;
		};
/* End XCSwiftPackageProductDependency section */
	};
	rootObject = A03668562A1FA98500C12C56 /* Project object */;
}
